// !$*UTF8*$!
{
	archiveVersion = 1;
	classes = {
	};
	objectVersion = 48;
	objects = {

/* Begin PBXBuildFile section */
		021000FFC2622C890B6CEBF2 /* Pods_FoodIn.framework in Frameworks */ = {isa = PBXBuildFile; fileRef = D1C3AC9C444AB976CD0985A7 /* Pods_FoodIn.framework */; };
		1E2F71532022C0980041432D /* NutritionMarkerView.swift in Sources */ = {isa = PBXBuildFile; fileRef = 1E2F71522022C0980041432D /* NutritionMarkerView.swift */; };
		1E2F71552022C0BC0041432D /* NutritionMarkerView.xib in Resources */ = {isa = PBXBuildFile; fileRef = 1E2F71542022C0BC0041432D /* NutritionMarkerView.xib */; };
		1EE930002022C3400011FFC0 /* FoodLogDate.swift in Sources */ = {isa = PBXBuildFile; fileRef = 1EE92FFF2022C3400011FFC0 /* FoodLogDate.swift */; };
		1EE930032022C3540011FFC0 /* StatisticsViewController.swift in Sources */ = {isa = PBXBuildFile; fileRef = 1EE930022022C3540011FFC0 /* StatisticsViewController.swift */; };
		1EE930052022C3E60011FFC0 /* FoodLog.swift in Sources */ = {isa = PBXBuildFile; fileRef = 1EE930042022C3E60011FFC0 /* FoodLog.swift */; };
		320270B6AD059333954A5E77 /* Pods_FoodInUITests.framework in Frameworks */ = {isa = PBXBuildFile; fileRef = 8DE6276EEC363FA3C9C6980F /* Pods_FoodInUITests.framework */; };
		6E11142E1FF94E9D00F657AB /* UIViewController+.swift in Sources */ = {isa = PBXBuildFile; fileRef = 6E11142D1FF94E9D00F657AB /* UIViewController+.swift */; };
		6E16DFF21FF213DA00301322 /* ImageActivityIndicatorController.swift in Sources */ = {isa = PBXBuildFile; fileRef = 6E16DFF11FF213DA00301322 /* ImageActivityIndicatorController.swift */; };
		6E16DFF41FF2390600301322 /* FoodDetailsController.swift in Sources */ = {isa = PBXBuildFile; fileRef = 6E16DFF31FF2390600301322 /* FoodDetailsController.swift */; };
		6E20C7A71FE6BED0000C704A /* Message.swift in Sources */ = {isa = PBXBuildFile; fileRef = 6E20C7A61FE6BED0000C704A /* Message.swift */; };
		6E20C7A91FE6D3CD000C704A /* Person.swift in Sources */ = {isa = PBXBuildFile; fileRef = 6E20C7A81FE6D3CD000C704A /* Person.swift */; };
		6E2262D620140BE900BF252D /* SpeechViewController.swift in Sources */ = {isa = PBXBuildFile; fileRef = 6E2262D520140BE900BF252D /* SpeechViewController.swift */; };
		6E2262D92014552800BF252D /* hold.mp3 in Resources */ = {isa = PBXBuildFile; fileRef = 6E2262D82014552800BF252D /* hold.mp3 */; };
		6E2262DB2014553200BF252D /* release.mp3 in Resources */ = {isa = PBXBuildFile; fileRef = 6E2262DA2014553200BF252D /* release.mp3 */; };
		6E2C3C572001EC13009B0D13 /* ProfileViewController.swift in Sources */ = {isa = PBXBuildFile; fileRef = 6E2C3C562001EC13009B0D13 /* ProfileViewController.swift */; };
		6E2C3C6120020EB6009B0D13 /* MyInfoService.swift in Sources */ = {isa = PBXBuildFile; fileRef = 6E2C3C6020020EB6009B0D13 /* MyInfoService.swift */; };
		6E2C3C6320020EC5009B0D13 /* MyIllnessService.swift in Sources */ = {isa = PBXBuildFile; fileRef = 6E2C3C6220020EC5009B0D13 /* MyIllnessService.swift */; };
		6E2C3C6520020ED5009B0D13 /* MyIndicatorService.swift in Sources */ = {isa = PBXBuildFile; fileRef = 6E2C3C6420020ED5009B0D13 /* MyIndicatorService.swift */; };
		6E2C3C6C20021191009B0D13 /* MyIllness+CoreDataClass.swift in Sources */ = {isa = PBXBuildFile; fileRef = 6E2C3C6620021191009B0D13 /* MyIllness+CoreDataClass.swift */; };
		6E2C3C6D20021191009B0D13 /* MyIllness+CoreDataProperties.swift in Sources */ = {isa = PBXBuildFile; fileRef = 6E2C3C6720021191009B0D13 /* MyIllness+CoreDataProperties.swift */; };
		6E2C3C6E20021191009B0D13 /* MyInfo+CoreDataClass.swift in Sources */ = {isa = PBXBuildFile; fileRef = 6E2C3C6820021191009B0D13 /* MyInfo+CoreDataClass.swift */; };
		6E2C3C6F20021191009B0D13 /* MyInfo+CoreDataProperties.swift in Sources */ = {isa = PBXBuildFile; fileRef = 6E2C3C6920021191009B0D13 /* MyInfo+CoreDataProperties.swift */; };
		6E2C3C7020021191009B0D13 /* MyIndicator+CoreDataClass.swift in Sources */ = {isa = PBXBuildFile; fileRef = 6E2C3C6A20021191009B0D13 /* MyIndicator+CoreDataClass.swift */; };
		6E2C3C7120021191009B0D13 /* MyIndicator+CoreDataProperties.swift in Sources */ = {isa = PBXBuildFile; fileRef = 6E2C3C6B20021191009B0D13 /* MyIndicator+CoreDataProperties.swift */; };
		6E2C3C73200243AB009B0D13 /* Indicator.swift in Sources */ = {isa = PBXBuildFile; fileRef = 6E2C3C72200243AB009B0D13 /* Indicator.swift */; };
		6E2E409A1FE6B47500405C8B /* AppDelegate.swift in Sources */ = {isa = PBXBuildFile; fileRef = 6E2E40991FE6B47500405C8B /* AppDelegate.swift */; };
		6E2E409F1FE6B47500405C8B /* Main.storyboard in Resources */ = {isa = PBXBuildFile; fileRef = 6E2E409D1FE6B47500405C8B /* Main.storyboard */; };
		6E2E40A11FE6B47500405C8B /* Assets.xcassets in Resources */ = {isa = PBXBuildFile; fileRef = 6E2E40A01FE6B47500405C8B /* Assets.xcassets */; };
		6E2E40A41FE6B47500405C8B /* LaunchScreen.storyboard in Resources */ = {isa = PBXBuildFile; fileRef = 6E2E40A21FE6B47500405C8B /* LaunchScreen.storyboard */; };
		6E2E40AF1FE6B47500405C8B /* FoodInTests.swift in Sources */ = {isa = PBXBuildFile; fileRef = 6E2E40AE1FE6B47500405C8B /* FoodInTests.swift */; };
		6E2E40BA1FE6B47500405C8B /* FoodInUITests.swift in Sources */ = {isa = PBXBuildFile; fileRef = 6E2E40B91FE6B47500405C8B /* FoodInUITests.swift */; };
		6E32356E2007A9570091F0E4 /* NotificationKey.swift in Sources */ = {isa = PBXBuildFile; fileRef = 6E32356D2007A9570091F0E4 /* NotificationKey.swift */; };
		6E3951032003AED600C165C4 /* IllnessTag.swift in Sources */ = {isa = PBXBuildFile; fileRef = 6E3951022003AED600C165C4 /* IllnessTag.swift */; };
		6E3951052003DDE700C165C4 /* Touch3D.swift in Sources */ = {isa = PBXBuildFile; fileRef = 6E3951042003DDE700C165C4 /* Touch3D.swift */; };
		6E39510720044C8000C165C4 /* InspectionMode.swift in Sources */ = {isa = PBXBuildFile; fileRef = 6E39510620044C8000C165C4 /* InspectionMode.swift */; };
		6E39510C2004EECB00C165C4 /* Fonts.swift in Sources */ = {isa = PBXBuildFile; fileRef = 6E39510B2004EECB00C165C4 /* Fonts.swift */; };
		6E39511A2005A29100C165C4 /* APIurl.swift in Sources */ = {isa = PBXBuildFile; fileRef = 6E3951192005A29100C165C4 /* APIurl.swift */; };
		6E3B6EFF2020042500A2851D /* Date+.swift in Sources */ = {isa = PBXBuildFile; fileRef = 6E3B6EFE2020042500A2851D /* Date+.swift */; };
		6E4199511FF3901700463542 /* VitaminViewController.swift in Sources */ = {isa = PBXBuildFile; fileRef = 6E4199501FF3901700463542 /* VitaminViewController.swift */; };
		6E4199531FF3902A00463542 /* NutrientViewController.swift in Sources */ = {isa = PBXBuildFile; fileRef = 6E4199521FF3902A00463542 /* NutrientViewController.swift */; };
		6E4199551FF3903500463542 /* MineralViewController.swift in Sources */ = {isa = PBXBuildFile; fileRef = 6E4199541FF3903500463542 /* MineralViewController.swift */; };
		6E4ADFEA1FF30DDF005F6482 /* Snapshot.swift in Sources */ = {isa = PBXBuildFile; fileRef = 6E4ADFE91FF30DDF005F6482 /* Snapshot.swift */; };
		6E555D5A1FF6A12100141FEC /* FoodService.swift in Sources */ = {isa = PBXBuildFile; fileRef = 6E555D591FF6A12100141FEC /* FoodService.swift */; };
		6E555D5C1FF6B32D00141FEC /* Food.swift in Sources */ = {isa = PBXBuildFile; fileRef = 6E555D5B1FF6B32D00141FEC /* Food.swift */; };
		6E555D601FF73C9900141FEC /* Double+.swift in Sources */ = {isa = PBXBuildFile; fileRef = 6E555D5F1FF73C9900141FEC /* Double+.swift */; };
		6E64321E1FF90B9C008A04FE /* LandingViewController.swift in Sources */ = {isa = PBXBuildFile; fileRef = 6E64321D1FF90B9C008A04FE /* LandingViewController.swift */; };
		6E66E2B21FEF3DEB0021B649 /* Pulse.swift in Sources */ = {isa = PBXBuildFile; fileRef = 6E66E2B11FEF3DEB0021B649 /* Pulse.swift */; };
		6E6F555E2000824E00B8F517 /* PersonService.swift in Sources */ = {isa = PBXBuildFile; fileRef = 6E6F555D2000824E00B8F517 /* PersonService.swift */; };
		6E6F55602000826400B8F517 /* IllnessService.swift in Sources */ = {isa = PBXBuildFile; fileRef = 6E6F555F2000826400B8F517 /* IllnessService.swift */; };
		6E6F5562200082E500B8F517 /* Illness.swift in Sources */ = {isa = PBXBuildFile; fileRef = 6E6F5561200082E500B8F517 /* Illness.swift */; };
		6E6F556620008A4600B8F517 /* IllnessCheckbox.swift in Sources */ = {isa = PBXBuildFile; fileRef = 6E6F556520008A4600B8F517 /* IllnessCheckbox.swift */; };
		6E7274C82014FD01000C71A2 /* SpeechRecognitionService.swift in Sources */ = {isa = PBXBuildFile; fileRef = 6E7274C72014FD01000C71A2 /* SpeechRecognitionService.swift */; };
		6E75696E2000508A00471D7E /* Registration.swift in Sources */ = {isa = PBXBuildFile; fileRef = 6E75696D2000508A00471D7E /* Registration.swift */; };
		6E7C9240201589FB00566DE6 /* NLPService.swift in Sources */ = {isa = PBXBuildFile; fileRef = 6E7C923F201589FB00566DE6 /* NLPService.swift */; };
		6E7C92452016005D00566DE6 /* MessageCell.swift in Sources */ = {isa = PBXBuildFile; fileRef = 6E7C92442016005D00566DE6 /* MessageCell.swift */; };
		6E7C92472016F38400566DE6 /* RecommendationStandard.swift in Sources */ = {isa = PBXBuildFile; fileRef = 6E7C92462016F38400566DE6 /* RecommendationStandard.swift */; };
		6E9071C92010AF7E0053CEFE /* ImageClassificationService.swift in Sources */ = {isa = PBXBuildFile; fileRef = 6E9071C82010AF7E0053CEFE /* ImageClassificationService.swift */; };
		6E9071CB2010CC040053CEFE /* PredictionResult.swift in Sources */ = {isa = PBXBuildFile; fileRef = 6E9071CA2010CC040053CEFE /* PredictionResult.swift */; };
		6E9071D12010E42A0053CEFE /* UIImage+.swift in Sources */ = {isa = PBXBuildFile; fileRef = 6E9071D02010E42A0053CEFE /* UIImage+.swift */; };
		6EA676DA1FFFCC6E009354C4 /* PersistenceService.swift in Sources */ = {isa = PBXBuildFile; fileRef = 6EA676D91FFFCC6E009354C4 /* PersistenceService.swift */; };
		6EA6773F2000485B009354C4 /* PersonCoreData.xcdatamodeld in Sources */ = {isa = PBXBuildFile; fileRef = 6EA6773D2000485B009354C4 /* PersonCoreData.xcdatamodeld */; };
		6EA6B997201365D500877217 /* String+.swift in Sources */ = {isa = PBXBuildFile; fileRef = 6EA6B996201365D500877217 /* String+.swift */; };
		6EB1F6DB2019CB6A0018A573 /* ExractedTextArray.swift in Sources */ = {isa = PBXBuildFile; fileRef = 6EB1F6DA2019CB6A0018A573 /* ExractedTextArray.swift */; };
		6EB1F6E12019D0C70018A573 /* MenuActivityIndicatorController.swift in Sources */ = {isa = PBXBuildFile; fileRef = 6EB1F6E02019D0C70018A573 /* MenuActivityIndicatorController.swift */; };
		6EB1F6E32019D56F0018A573 /* menuDetailsViewController.swift in Sources */ = {isa = PBXBuildFile; fileRef = 6EB1F6E22019D56F0018A573 /* menuDetailsViewController.swift */; };
		6EB1F6E52019D74C0018A573 /* safeListViewController.swift in Sources */ = {isa = PBXBuildFile; fileRef = 6EB1F6E42019D74C0018A573 /* safeListViewController.swift */; };
		6EB1F6E72019D7570018A573 /* avoidListViewController.swift in Sources */ = {isa = PBXBuildFile; fileRef = 6EB1F6E62019D7570018A573 /* avoidListViewController.swift */; };
		6EB1F6EA2019E0A60018A573 /* VisionService.swift in Sources */ = {isa = PBXBuildFile; fileRef = 6EB1F6E92019E0A60018A573 /* VisionService.swift */; };
		6EB1F6EC2019E0F60018A573 /* APIkey.swift in Sources */ = {isa = PBXBuildFile; fileRef = 6EB1F6EB2019E0F60018A573 /* APIkey.swift */; };
		6EB1F6EE2019E11F0018A573 /* ImageUtils.swift in Sources */ = {isa = PBXBuildFile; fileRef = 6EB1F6ED2019E11F0018A573 /* ImageUtils.swift */; };
		6EB1F6F0201A14F20018A573 /* ImageResultViewController.swift in Sources */ = {isa = PBXBuildFile; fileRef = 6EB1F6EF201A14F20018A573 /* ImageResultViewController.swift */; };
		6EB52BBA1FFDF22500FC1AF4 /* RegViewControllerS1.swift in Sources */ = {isa = PBXBuildFile; fileRef = 6EB52BB91FFDF22400FC1AF4 /* RegViewControllerS1.swift */; };
		6EB52BBC1FFDF23300FC1AF4 /* RegViewControllerS2.swift in Sources */ = {isa = PBXBuildFile; fileRef = 6EB52BBB1FFDF23300FC1AF4 /* RegViewControllerS2.swift */; };
		6EB52BBE1FFDF24800FC1AF4 /* RegViewControllerS3.swift in Sources */ = {isa = PBXBuildFile; fileRef = 6EB52BBD1FFDF24800FC1AF4 /* RegViewControllerS3.swift */; };
		6EB52BC01FFDF28400FC1AF4 /* RegViewControllerS4.swift in Sources */ = {isa = PBXBuildFile; fileRef = 6EB52BBF1FFDF28400FC1AF4 /* RegViewControllerS4.swift */; };
		6EB52BC21FFDF29300FC1AF4 /* RegViewControllerS5.swift in Sources */ = {isa = PBXBuildFile; fileRef = 6EB52BC11FFDF29300FC1AF4 /* RegViewControllerS5.swift */; };
		6EB52BC41FFDF2A100FC1AF4 /* RegViewControllerS6.swift in Sources */ = {isa = PBXBuildFile; fileRef = 6EB52BC31FFDF2A100FC1AF4 /* RegViewControllerS6.swift */; };
		6EBD82CE200F84FA006E9DAF /* FoodIn.mlmodel in Sources */ = {isa = PBXBuildFile; fileRef = 6EBD82CD200F84FA006E9DAF /* FoodIn.mlmodel */; };
		6ECE2D421FEE0152001B33F8 /* Colors.swift in Sources */ = {isa = PBXBuildFile; fileRef = 6ECE2D411FEE0152001B33F8 /* Colors.swift */; };
		6ECE2D461FEE0217001B33F8 /* HomeViewController.swift in Sources */ = {isa = PBXBuildFile; fileRef = 6ECE2D451FEE0217001B33F8 /* HomeViewController.swift */; };
		6EEC2E411FFE1071003E89EC /* UITextField+.swift in Sources */ = {isa = PBXBuildFile; fileRef = 6EEC2E401FFE1071003E89EC /* UITextField+.swift */; };
		6EEC2E441FFE3BEC003E89EC /* SignInViewController.swift in Sources */ = {isa = PBXBuildFile; fileRef = 6EEC2E431FFE3BEC003E89EC /* SignInViewController.swift */; };
		6EEDEB361FEA6D95008A4658 /* CustomVisionService.swift in Sources */ = {isa = PBXBuildFile; fileRef = 6EEDEB351FEA6D95008A4658 /* CustomVisionService.swift */; };
		6EEDEB381FEB303E008A4658 /* CameraViewController.swift in Sources */ = {isa = PBXBuildFile; fileRef = 6EEDEB371FEB303E008A4658 /* CameraViewController.swift */; };
		6EEDEB3A1FEB40D6008A4658 /* ImageViewController.swift in Sources */ = {isa = PBXBuildFile; fileRef = 6EEDEB391FEB40D6008A4658 /* ImageViewController.swift */; };
		6EEDEB3C1FEB8DDA008A4658 /* CustomVisionResult.swift in Sources */ = {isa = PBXBuildFile; fileRef = 6EEDEB3B1FEB8DDA008A4658 /* CustomVisionResult.swift */; };
		6EEFC364201EEA2400FD96DD /* UserDefaults+.swift in Sources */ = {isa = PBXBuildFile; fileRef = 6EEFC363201EEA2400FD96DD /* UserDefaults+.swift */; };
		6EFAF04E1FF154BA009E93F2 /* UIView+.swift in Sources */ = {isa = PBXBuildFile; fileRef = 6EFAF04D1FF154BA009E93F2 /* UIView+.swift */; };
		D031027D7C720051661E985B /* Pods_FoodInTests.framework in Frameworks */ = {isa = PBXBuildFile; fileRef = 085315057047735A09DAE59C /* Pods_FoodInTests.framework */; };
/* End PBXBuildFile section */

/* Begin PBXContainerItemProxy section */
		6E2E40AB1FE6B47500405C8B /* PBXContainerItemProxy */ = {
			isa = PBXContainerItemProxy;
			containerPortal = 6E2E408E1FE6B47400405C8B /* Project object */;
			proxyType = 1;
			remoteGlobalIDString = 6E2E40951FE6B47400405C8B;
			remoteInfo = FoodIn;
		};
		6E2E40B61FE6B47500405C8B /* PBXContainerItemProxy */ = {
			isa = PBXContainerItemProxy;
			containerPortal = 6E2E408E1FE6B47400405C8B /* Project object */;
			proxyType = 1;
			remoteGlobalIDString = 6E2E40951FE6B47400405C8B;
			remoteInfo = FoodIn;
		};
/* End PBXContainerItemProxy section */

/* Begin PBXFileReference section */
		085315057047735A09DAE59C /* Pods_FoodInTests.framework */ = {isa = PBXFileReference; explicitFileType = wrapper.framework; includeInIndex = 0; path = Pods_FoodInTests.framework; sourceTree = BUILT_PRODUCTS_DIR; };
		1E2F71522022C0980041432D /* NutritionMarkerView.swift */ = {isa = PBXFileReference; lastKnownFileType = sourcecode.swift; path = NutritionMarkerView.swift; sourceTree = "<group>"; };
		1E2F71542022C0BC0041432D /* NutritionMarkerView.xib */ = {isa = PBXFileReference; lastKnownFileType = file.xib; path = NutritionMarkerView.xib; sourceTree = "<group>"; };
		1EE92FFF2022C3400011FFC0 /* FoodLogDate.swift */ = {isa = PBXFileReference; fileEncoding = 4; lastKnownFileType = sourcecode.swift; path = FoodLogDate.swift; sourceTree = "<group>"; };
		1EE930022022C3540011FFC0 /* StatisticsViewController.swift */ = {isa = PBXFileReference; fileEncoding = 4; lastKnownFileType = sourcecode.swift; path = StatisticsViewController.swift; sourceTree = "<group>"; };
		1EE930042022C3E60011FFC0 /* FoodLog.swift */ = {isa = PBXFileReference; fileEncoding = 4; lastKnownFileType = sourcecode.swift; path = FoodLog.swift; sourceTree = "<group>"; };
		6C5D2AA64CF473EA53B9A117 /* Pods-FoodInUITests.debug.xcconfig */ = {isa = PBXFileReference; includeInIndex = 1; lastKnownFileType = text.xcconfig; name = "Pods-FoodInUITests.debug.xcconfig"; path = "Pods/Target Support Files/Pods-FoodInUITests/Pods-FoodInUITests.debug.xcconfig"; sourceTree = "<group>"; };
		6E11142D1FF94E9D00F657AB /* UIViewController+.swift */ = {isa = PBXFileReference; lastKnownFileType = sourcecode.swift; path = "UIViewController+.swift"; sourceTree = "<group>"; };
		6E16DFF11FF213DA00301322 /* ImageActivityIndicatorController.swift */ = {isa = PBXFileReference; lastKnownFileType = sourcecode.swift; path = ImageActivityIndicatorController.swift; sourceTree = "<group>"; };
		6E16DFF31FF2390600301322 /* FoodDetailsController.swift */ = {isa = PBXFileReference; lastKnownFileType = sourcecode.swift; path = FoodDetailsController.swift; sourceTree = "<group>"; };
		6E20C7A61FE6BED0000C704A /* Message.swift */ = {isa = PBXFileReference; lastKnownFileType = sourcecode.swift; path = Message.swift; sourceTree = "<group>"; };
		6E20C7A81FE6D3CD000C704A /* Person.swift */ = {isa = PBXFileReference; lastKnownFileType = sourcecode.swift; path = Person.swift; sourceTree = "<group>"; };
		6E2262D520140BE900BF252D /* SpeechViewController.swift */ = {isa = PBXFileReference; lastKnownFileType = sourcecode.swift; path = SpeechViewController.swift; sourceTree = "<group>"; };
		6E2262D82014552800BF252D /* hold.mp3 */ = {isa = PBXFileReference; lastKnownFileType = audio.mp3; path = hold.mp3; sourceTree = "<group>"; };
		6E2262DA2014553200BF252D /* release.mp3 */ = {isa = PBXFileReference; lastKnownFileType = audio.mp3; path = release.mp3; sourceTree = "<group>"; };
		6E2C3C562001EC13009B0D13 /* ProfileViewController.swift */ = {isa = PBXFileReference; lastKnownFileType = sourcecode.swift; path = ProfileViewController.swift; sourceTree = "<group>"; };
		6E2C3C6020020EB6009B0D13 /* MyInfoService.swift */ = {isa = PBXFileReference; lastKnownFileType = sourcecode.swift; path = MyInfoService.swift; sourceTree = "<group>"; };
		6E2C3C6220020EC5009B0D13 /* MyIllnessService.swift */ = {isa = PBXFileReference; lastKnownFileType = sourcecode.swift; path = MyIllnessService.swift; sourceTree = "<group>"; };
		6E2C3C6420020ED5009B0D13 /* MyIndicatorService.swift */ = {isa = PBXFileReference; lastKnownFileType = sourcecode.swift; path = MyIndicatorService.swift; sourceTree = "<group>"; };
		6E2C3C6620021191009B0D13 /* MyIllness+CoreDataClass.swift */ = {isa = PBXFileReference; lastKnownFileType = sourcecode.swift; path = "MyIllness+CoreDataClass.swift"; sourceTree = "<group>"; };
		6E2C3C6720021191009B0D13 /* MyIllness+CoreDataProperties.swift */ = {isa = PBXFileReference; lastKnownFileType = sourcecode.swift; path = "MyIllness+CoreDataProperties.swift"; sourceTree = "<group>"; };
		6E2C3C6820021191009B0D13 /* MyInfo+CoreDataClass.swift */ = {isa = PBXFileReference; lastKnownFileType = sourcecode.swift; path = "MyInfo+CoreDataClass.swift"; sourceTree = "<group>"; };
		6E2C3C6920021191009B0D13 /* MyInfo+CoreDataProperties.swift */ = {isa = PBXFileReference; lastKnownFileType = sourcecode.swift; path = "MyInfo+CoreDataProperties.swift"; sourceTree = "<group>"; };
		6E2C3C6A20021191009B0D13 /* MyIndicator+CoreDataClass.swift */ = {isa = PBXFileReference; lastKnownFileType = sourcecode.swift; path = "MyIndicator+CoreDataClass.swift"; sourceTree = "<group>"; };
		6E2C3C6B20021191009B0D13 /* MyIndicator+CoreDataProperties.swift */ = {isa = PBXFileReference; lastKnownFileType = sourcecode.swift; path = "MyIndicator+CoreDataProperties.swift"; sourceTree = "<group>"; };
		6E2C3C72200243AB009B0D13 /* Indicator.swift */ = {isa = PBXFileReference; lastKnownFileType = sourcecode.swift; path = Indicator.swift; sourceTree = "<group>"; };
		6E2E40961FE6B47500405C8B /* FoodIn.app */ = {isa = PBXFileReference; explicitFileType = wrapper.application; includeInIndex = 0; path = FoodIn.app; sourceTree = BUILT_PRODUCTS_DIR; };
		6E2E40991FE6B47500405C8B /* AppDelegate.swift */ = {isa = PBXFileReference; lastKnownFileType = sourcecode.swift; path = AppDelegate.swift; sourceTree = "<group>"; };
		6E2E409E1FE6B47500405C8B /* Base */ = {isa = PBXFileReference; lastKnownFileType = file.storyboard; name = Base; path = Base.lproj/Main.storyboard; sourceTree = "<group>"; };
		6E2E40A01FE6B47500405C8B /* Assets.xcassets */ = {isa = PBXFileReference; lastKnownFileType = folder.assetcatalog; path = Assets.xcassets; sourceTree = "<group>"; };
		6E2E40A31FE6B47500405C8B /* Base */ = {isa = PBXFileReference; lastKnownFileType = file.storyboard; name = Base; path = Base.lproj/LaunchScreen.storyboard; sourceTree = "<group>"; };
		6E2E40A51FE6B47500405C8B /* Info.plist */ = {isa = PBXFileReference; lastKnownFileType = text.plist.xml; path = Info.plist; sourceTree = "<group>"; };
		6E2E40AA1FE6B47500405C8B /* FoodInTests.xctest */ = {isa = PBXFileReference; explicitFileType = wrapper.cfbundle; includeInIndex = 0; path = FoodInTests.xctest; sourceTree = BUILT_PRODUCTS_DIR; };
		6E2E40AE1FE6B47500405C8B /* FoodInTests.swift */ = {isa = PBXFileReference; lastKnownFileType = sourcecode.swift; path = FoodInTests.swift; sourceTree = "<group>"; };
		6E2E40B01FE6B47500405C8B /* Info.plist */ = {isa = PBXFileReference; lastKnownFileType = text.plist.xml; path = Info.plist; sourceTree = "<group>"; };
		6E2E40B51FE6B47500405C8B /* FoodInUITests.xctest */ = {isa = PBXFileReference; explicitFileType = wrapper.cfbundle; includeInIndex = 0; path = FoodInUITests.xctest; sourceTree = BUILT_PRODUCTS_DIR; };
		6E2E40B91FE6B47500405C8B /* FoodInUITests.swift */ = {isa = PBXFileReference; lastKnownFileType = sourcecode.swift; path = FoodInUITests.swift; sourceTree = "<group>"; };
		6E2E40BB1FE6B47500405C8B /* Info.plist */ = {isa = PBXFileReference; lastKnownFileType = text.plist.xml; path = Info.plist; sourceTree = "<group>"; };
		6E32356D2007A9570091F0E4 /* NotificationKey.swift */ = {isa = PBXFileReference; lastKnownFileType = sourcecode.swift; path = NotificationKey.swift; sourceTree = "<group>"; };
		6E3951022003AED600C165C4 /* IllnessTag.swift */ = {isa = PBXFileReference; lastKnownFileType = sourcecode.swift; path = IllnessTag.swift; sourceTree = "<group>"; };
		6E3951042003DDE700C165C4 /* Touch3D.swift */ = {isa = PBXFileReference; lastKnownFileType = sourcecode.swift; path = Touch3D.swift; sourceTree = "<group>"; };
		6E39510620044C8000C165C4 /* InspectionMode.swift */ = {isa = PBXFileReference; lastKnownFileType = sourcecode.swift; path = InspectionMode.swift; sourceTree = "<group>"; };
		6E39510B2004EECB00C165C4 /* Fonts.swift */ = {isa = PBXFileReference; lastKnownFileType = sourcecode.swift; path = Fonts.swift; sourceTree = "<group>"; };
		6E3951192005A29100C165C4 /* APIurl.swift */ = {isa = PBXFileReference; lastKnownFileType = sourcecode.swift; path = APIurl.swift; sourceTree = "<group>"; };
		6E3B6EFE2020042500A2851D /* Date+.swift */ = {isa = PBXFileReference; lastKnownFileType = sourcecode.swift; path = "Date+.swift"; sourceTree = "<group>"; };
		6E4199501FF3901700463542 /* VitaminViewController.swift */ = {isa = PBXFileReference; lastKnownFileType = sourcecode.swift; path = VitaminViewController.swift; sourceTree = "<group>"; };
		6E4199521FF3902A00463542 /* NutrientViewController.swift */ = {isa = PBXFileReference; lastKnownFileType = sourcecode.swift; path = NutrientViewController.swift; sourceTree = "<group>"; };
		6E4199541FF3903500463542 /* MineralViewController.swift */ = {isa = PBXFileReference; lastKnownFileType = sourcecode.swift; path = MineralViewController.swift; sourceTree = "<group>"; };
		6E4ADFE91FF30DDF005F6482 /* Snapshot.swift */ = {isa = PBXFileReference; lastKnownFileType = sourcecode.swift; path = Snapshot.swift; sourceTree = "<group>"; };
		6E555D591FF6A12100141FEC /* FoodService.swift */ = {isa = PBXFileReference; lastKnownFileType = sourcecode.swift; path = FoodService.swift; sourceTree = "<group>"; };
		6E555D5B1FF6B32D00141FEC /* Food.swift */ = {isa = PBXFileReference; lastKnownFileType = sourcecode.swift; path = Food.swift; sourceTree = "<group>"; };
		6E555D5F1FF73C9900141FEC /* Double+.swift */ = {isa = PBXFileReference; lastKnownFileType = sourcecode.swift; path = "Double+.swift"; sourceTree = "<group>"; };
		6E64321D1FF90B9C008A04FE /* LandingViewController.swift */ = {isa = PBXFileReference; lastKnownFileType = sourcecode.swift; path = LandingViewController.swift; sourceTree = "<group>"; };
		6E66E2B11FEF3DEB0021B649 /* Pulse.swift */ = {isa = PBXFileReference; lastKnownFileType = sourcecode.swift; path = Pulse.swift; sourceTree = "<group>"; };
		6E6F555D2000824E00B8F517 /* PersonService.swift */ = {isa = PBXFileReference; lastKnownFileType = sourcecode.swift; path = PersonService.swift; sourceTree = "<group>"; };
		6E6F555F2000826400B8F517 /* IllnessService.swift */ = {isa = PBXFileReference; lastKnownFileType = sourcecode.swift; path = IllnessService.swift; sourceTree = "<group>"; };
		6E6F5561200082E500B8F517 /* Illness.swift */ = {isa = PBXFileReference; lastKnownFileType = sourcecode.swift; path = Illness.swift; sourceTree = "<group>"; };
		6E6F556520008A4600B8F517 /* IllnessCheckbox.swift */ = {isa = PBXFileReference; lastKnownFileType = sourcecode.swift; path = IllnessCheckbox.swift; sourceTree = "<group>"; };
		6E7274C72014FD01000C71A2 /* SpeechRecognitionService.swift */ = {isa = PBXFileReference; lastKnownFileType = sourcecode.swift; path = SpeechRecognitionService.swift; sourceTree = "<group>"; };
		6E75696D2000508A00471D7E /* Registration.swift */ = {isa = PBXFileReference; lastKnownFileType = sourcecode.swift; path = Registration.swift; sourceTree = "<group>"; };
		6E7C923F201589FB00566DE6 /* NLPService.swift */ = {isa = PBXFileReference; lastKnownFileType = sourcecode.swift; path = NLPService.swift; sourceTree = "<group>"; };
		6E7C92442016005D00566DE6 /* MessageCell.swift */ = {isa = PBXFileReference; lastKnownFileType = sourcecode.swift; path = MessageCell.swift; sourceTree = "<group>"; };
		6E7C92462016F38400566DE6 /* RecommendationStandard.swift */ = {isa = PBXFileReference; lastKnownFileType = sourcecode.swift; path = RecommendationStandard.swift; sourceTree = "<group>"; };
		6E9071C82010AF7E0053CEFE /* ImageClassificationService.swift */ = {isa = PBXFileReference; lastKnownFileType = sourcecode.swift; path = ImageClassificationService.swift; sourceTree = "<group>"; };
		6E9071CA2010CC040053CEFE /* PredictionResult.swift */ = {isa = PBXFileReference; lastKnownFileType = sourcecode.swift; path = PredictionResult.swift; sourceTree = "<group>"; };
		6E9071D02010E42A0053CEFE /* UIImage+.swift */ = {isa = PBXFileReference; lastKnownFileType = sourcecode.swift; path = "UIImage+.swift"; sourceTree = "<group>"; };
		6EA676D91FFFCC6E009354C4 /* PersistenceService.swift */ = {isa = PBXFileReference; lastKnownFileType = sourcecode.swift; path = PersistenceService.swift; sourceTree = "<group>"; };
		6EA6773E2000485B009354C4 /* PersonCoreData.xcdatamodel */ = {isa = PBXFileReference; lastKnownFileType = wrapper.xcdatamodel; path = PersonCoreData.xcdatamodel; sourceTree = "<group>"; };
		6EA6B996201365D500877217 /* String+.swift */ = {isa = PBXFileReference; lastKnownFileType = sourcecode.swift; path = "String+.swift"; sourceTree = "<group>"; };
		6EB1F6DA2019CB6A0018A573 /* ExractedTextArray.swift */ = {isa = PBXFileReference; lastKnownFileType = sourcecode.swift; path = ExractedTextArray.swift; sourceTree = "<group>"; };
		6EB1F6E02019D0C70018A573 /* MenuActivityIndicatorController.swift */ = {isa = PBXFileReference; lastKnownFileType = sourcecode.swift; path = MenuActivityIndicatorController.swift; sourceTree = "<group>"; };
		6EB1F6E22019D56F0018A573 /* menuDetailsViewController.swift */ = {isa = PBXFileReference; lastKnownFileType = sourcecode.swift; path = menuDetailsViewController.swift; sourceTree = "<group>"; };
		6EB1F6E42019D74C0018A573 /* safeListViewController.swift */ = {isa = PBXFileReference; lastKnownFileType = sourcecode.swift; path = safeListViewController.swift; sourceTree = "<group>"; };
		6EB1F6E62019D7570018A573 /* avoidListViewController.swift */ = {isa = PBXFileReference; lastKnownFileType = sourcecode.swift; path = avoidListViewController.swift; sourceTree = "<group>"; };
		6EB1F6E92019E0A60018A573 /* VisionService.swift */ = {isa = PBXFileReference; lastKnownFileType = sourcecode.swift; path = VisionService.swift; sourceTree = "<group>"; };
		6EB1F6EB2019E0F60018A573 /* APIkey.swift */ = {isa = PBXFileReference; lastKnownFileType = sourcecode.swift; path = APIkey.swift; sourceTree = "<group>"; };
		6EB1F6ED2019E11F0018A573 /* ImageUtils.swift */ = {isa = PBXFileReference; lastKnownFileType = sourcecode.swift; path = ImageUtils.swift; sourceTree = "<group>"; };
		6EB1F6EF201A14F20018A573 /* ImageResultViewController.swift */ = {isa = PBXFileReference; lastKnownFileType = sourcecode.swift; path = ImageResultViewController.swift; sourceTree = "<group>"; };
		6EB52BB91FFDF22400FC1AF4 /* RegViewControllerS1.swift */ = {isa = PBXFileReference; lastKnownFileType = sourcecode.swift; path = RegViewControllerS1.swift; sourceTree = "<group>"; };
		6EB52BBB1FFDF23300FC1AF4 /* RegViewControllerS2.swift */ = {isa = PBXFileReference; lastKnownFileType = sourcecode.swift; path = RegViewControllerS2.swift; sourceTree = "<group>"; };
		6EB52BBD1FFDF24800FC1AF4 /* RegViewControllerS3.swift */ = {isa = PBXFileReference; lastKnownFileType = sourcecode.swift; path = RegViewControllerS3.swift; sourceTree = "<group>"; };
		6EB52BBF1FFDF28400FC1AF4 /* RegViewControllerS4.swift */ = {isa = PBXFileReference; lastKnownFileType = sourcecode.swift; path = RegViewControllerS4.swift; sourceTree = "<group>"; };
		6EB52BC11FFDF29300FC1AF4 /* RegViewControllerS5.swift */ = {isa = PBXFileReference; lastKnownFileType = sourcecode.swift; path = RegViewControllerS5.swift; sourceTree = "<group>"; };
		6EB52BC31FFDF2A100FC1AF4 /* RegViewControllerS6.swift */ = {isa = PBXFileReference; lastKnownFileType = sourcecode.swift; path = RegViewControllerS6.swift; sourceTree = "<group>"; };
		6EBD82CD200F84FA006E9DAF /* FoodIn.mlmodel */ = {isa = PBXFileReference; lastKnownFileType = file.mlmodel; path = FoodIn.mlmodel; sourceTree = "<group>"; };
		6ECE2D411FEE0152001B33F8 /* Colors.swift */ = {isa = PBXFileReference; lastKnownFileType = sourcecode.swift; path = Colors.swift; sourceTree = "<group>"; };
		6ECE2D451FEE0217001B33F8 /* HomeViewController.swift */ = {isa = PBXFileReference; lastKnownFileType = sourcecode.swift; path = HomeViewController.swift; sourceTree = "<group>"; };
		6EEC2E401FFE1071003E89EC /* UITextField+.swift */ = {isa = PBXFileReference; lastKnownFileType = sourcecode.swift; path = "UITextField+.swift"; sourceTree = "<group>"; };
		6EEC2E431FFE3BEC003E89EC /* SignInViewController.swift */ = {isa = PBXFileReference; lastKnownFileType = sourcecode.swift; path = SignInViewController.swift; sourceTree = "<group>"; };
		6EEDEB351FEA6D95008A4658 /* CustomVisionService.swift */ = {isa = PBXFileReference; lastKnownFileType = sourcecode.swift; path = CustomVisionService.swift; sourceTree = "<group>"; };
		6EEDEB371FEB303E008A4658 /* CameraViewController.swift */ = {isa = PBXFileReference; lastKnownFileType = sourcecode.swift; path = CameraViewController.swift; sourceTree = "<group>"; };
		6EEDEB391FEB40D6008A4658 /* ImageViewController.swift */ = {isa = PBXFileReference; lastKnownFileType = sourcecode.swift; path = ImageViewController.swift; sourceTree = "<group>"; };
		6EEDEB3B1FEB8DDA008A4658 /* CustomVisionResult.swift */ = {isa = PBXFileReference; lastKnownFileType = sourcecode.swift; path = CustomVisionResult.swift; sourceTree = "<group>"; };
		6EEFC363201EEA2400FD96DD /* UserDefaults+.swift */ = {isa = PBXFileReference; lastKnownFileType = sourcecode.swift; path = "UserDefaults+.swift"; sourceTree = "<group>"; };
		6EFAF04D1FF154BA009E93F2 /* UIView+.swift */ = {isa = PBXFileReference; lastKnownFileType = sourcecode.swift; path = "UIView+.swift"; sourceTree = "<group>"; };
		8DE6276EEC363FA3C9C6980F /* Pods_FoodInUITests.framework */ = {isa = PBXFileReference; explicitFileType = wrapper.framework; includeInIndex = 0; path = Pods_FoodInUITests.framework; sourceTree = BUILT_PRODUCTS_DIR; };
		97CBE3A7B80EE0019484C551 /* Pods-FoodIn.release.xcconfig */ = {isa = PBXFileReference; includeInIndex = 1; lastKnownFileType = text.xcconfig; name = "Pods-FoodIn.release.xcconfig"; path = "Pods/Target Support Files/Pods-FoodIn/Pods-FoodIn.release.xcconfig"; sourceTree = "<group>"; };
		9B637B7FD9ED3DD270924BF4 /* Pods-FoodInTests.release.xcconfig */ = {isa = PBXFileReference; includeInIndex = 1; lastKnownFileType = text.xcconfig; name = "Pods-FoodInTests.release.xcconfig"; path = "Pods/Target Support Files/Pods-FoodInTests/Pods-FoodInTests.release.xcconfig"; sourceTree = "<group>"; };
		A9C1F73E582EF64A9D978395 /* Pods-FoodInUITests.release.xcconfig */ = {isa = PBXFileReference; includeInIndex = 1; lastKnownFileType = text.xcconfig; name = "Pods-FoodInUITests.release.xcconfig"; path = "Pods/Target Support Files/Pods-FoodInUITests/Pods-FoodInUITests.release.xcconfig"; sourceTree = "<group>"; };
		BC3EF008D587781C47288467 /* Pods-FoodInTests.debug.xcconfig */ = {isa = PBXFileReference; includeInIndex = 1; lastKnownFileType = text.xcconfig; name = "Pods-FoodInTests.debug.xcconfig"; path = "Pods/Target Support Files/Pods-FoodInTests/Pods-FoodInTests.debug.xcconfig"; sourceTree = "<group>"; };
		D1C3AC9C444AB976CD0985A7 /* Pods_FoodIn.framework */ = {isa = PBXFileReference; explicitFileType = wrapper.framework; includeInIndex = 0; path = Pods_FoodIn.framework; sourceTree = BUILT_PRODUCTS_DIR; };
		F18FE0E0AC53A19696367CF5 /* Pods-FoodIn.debug.xcconfig */ = {isa = PBXFileReference; includeInIndex = 1; lastKnownFileType = text.xcconfig; name = "Pods-FoodIn.debug.xcconfig"; path = "Pods/Target Support Files/Pods-FoodIn/Pods-FoodIn.debug.xcconfig"; sourceTree = "<group>"; };
/* End PBXFileReference section */

/* Begin PBXFrameworksBuildPhase section */
		6E2E40931FE6B47400405C8B /* Frameworks */ = {
			isa = PBXFrameworksBuildPhase;
			buildActionMask = 2147483647;
			files = (
				021000FFC2622C890B6CEBF2 /* Pods_FoodIn.framework in Frameworks */,
			);
			runOnlyForDeploymentPostprocessing = 0;
		};
		6E2E40A71FE6B47500405C8B /* Frameworks */ = {
			isa = PBXFrameworksBuildPhase;
			buildActionMask = 2147483647;
			files = (
				D031027D7C720051661E985B /* Pods_FoodInTests.framework in Frameworks */,
			);
			runOnlyForDeploymentPostprocessing = 0;
		};
		6E2E40B21FE6B47500405C8B /* Frameworks */ = {
			isa = PBXFrameworksBuildPhase;
			buildActionMask = 2147483647;
			files = (
				320270B6AD059333954A5E77 /* Pods_FoodInUITests.framework in Frameworks */,
			);
			runOnlyForDeploymentPostprocessing = 0;
		};
/* End PBXFrameworksBuildPhase section */

/* Begin PBXGroup section */
		1E2F71512022C05D0041432D /* MarkerView */ = {
			isa = PBXGroup;
			children = (
				1E2F71522022C0980041432D /* NutritionMarkerView.swift */,
				1E2F71542022C0BC0041432D /* NutritionMarkerView.xib */,
			);
			path = MarkerView;
			sourceTree = "<group>";
		};
		1EE92FFE2022C3310011FFC0 /* FSCalendarCell */ = {
			isa = PBXGroup;
			children = (
				1EE92FFF2022C3400011FFC0 /* FoodLogDate.swift */,
			);
			path = FSCalendarCell;
			sourceTree = "<group>";
		};
		1EE930012022C34A0011FFC0 /* Statistics */ = {
			isa = PBXGroup;
			children = (
				1EE930022022C3540011FFC0 /* StatisticsViewController.swift */,
			);
			path = Statistics;
			sourceTree = "<group>";
		};
		6E2262D420140BBF00BF252D /* Speech */ = {
			isa = PBXGroup;
			children = (
				6E2262D520140BE900BF252D /* SpeechViewController.swift */,
			);
			path = Speech;
			sourceTree = "<group>";
		};
		6E2262D72014550900BF252D /* Audio */ = {
			isa = PBXGroup;
			children = (
				6E2262DA2014553200BF252D /* release.mp3 */,
				6E2262D82014552800BF252D /* hold.mp3 */,
			);
			path = Audio;
			sourceTree = "<group>";
		};
		6E2C3C552001EBDE009B0D13 /* Profile */ = {
			isa = PBXGroup;
			children = (
				6E2C3C562001EC13009B0D13 /* ProfileViewController.swift */,
			);
			path = Profile;
			sourceTree = "<group>";
		};
		6E2E408D1FE6B47400405C8B = {
			isa = PBXGroup;
			children = (
				6E2E40981FE6B47500405C8B /* FoodIn */,
				6E2E40AD1FE6B47500405C8B /* FoodInTests */,
				6E2E40B81FE6B47500405C8B /* FoodInUITests */,
				6E2E40971FE6B47500405C8B /* Products */,
				A1F3DB1DF2DD55CE453FFFCF /* Pods */,
				86318C5388DAB9D11C228818 /* Frameworks */,
			);
			sourceTree = "<group>";
		};
		6E2E40971FE6B47500405C8B /* Products */ = {
			isa = PBXGroup;
			children = (
				6E2E40961FE6B47500405C8B /* FoodIn.app */,
				6E2E40AA1FE6B47500405C8B /* FoodInTests.xctest */,
				6E2E40B51FE6B47500405C8B /* FoodInUITests.xctest */,
			);
			name = Products;
			sourceTree = "<group>";
		};
		6E2E40981FE6B47500405C8B /* FoodIn */ = {
			isa = PBXGroup;
			children = (
				6E39511020057CFC00C165C4 /* DataManagers */,
				6ECE2D471FEE02CC001B33F8 /* Models */,
				6E39510E200572A900C165C4 /* Views */,
				6ECE2D3F1FEE00A6001B33F8 /* Controllers */,
				6E39511320057E4300C165C4 /* Utilities */,
				6E2E40991FE6B47500405C8B /* AppDelegate.swift */,
				6E2E409D1FE6B47500405C8B /* Main.storyboard */,
				6E2E40A01FE6B47500405C8B /* Assets.xcassets */,
				6E2E40A21FE6B47500405C8B /* LaunchScreen.storyboard */,
				6E2E40A51FE6B47500405C8B /* Info.plist */,
			);
			path = FoodIn;
			sourceTree = "<group>";
		};
		6E2E40AD1FE6B47500405C8B /* FoodInTests */ = {
			isa = PBXGroup;
			children = (
				6E2E40AE1FE6B47500405C8B /* FoodInTests.swift */,
				6E2E40B01FE6B47500405C8B /* Info.plist */,
			);
			path = FoodInTests;
			sourceTree = "<group>";
		};
		6E2E40B81FE6B47500405C8B /* FoodInUITests */ = {
			isa = PBXGroup;
			children = (
				6E2E40B91FE6B47500405C8B /* FoodInUITests.swift */,
				6E2E40BB1FE6B47500405C8B /* Info.plist */,
			);
			path = FoodInUITests;
			sourceTree = "<group>";
		};
		6E3951082004E82C00C165C4 /* Local */ = {
			isa = PBXGroup;
			children = (
				6EA676CB1FFFC126009354C4 /* CoreData */,
			);
			path = Local;
			sourceTree = "<group>";
		};
		6E3951092004EB5A00C165C4 /* Constants */ = {
			isa = PBXGroup;
			children = (
				6E7C92462016F38400566DE6 /* RecommendationStandard.swift */,
				6ECE2D411FEE0152001B33F8 /* Colors.swift */,
				6E39510B2004EECB00C165C4 /* Fonts.swift */,
				6E3951192005A29100C165C4 /* APIurl.swift */,
				6E32356D2007A9570091F0E4 /* NotificationKey.swift */,
				6EB1F6EB2019E0F60018A573 /* APIkey.swift */,
			);
			path = Constants;
			sourceTree = "<group>";
		};
		6E39510D20050E1D00C165C4 /* Extensions */ = {
			isa = PBXGroup;
			children = (
				6E11142D1FF94E9D00F657AB /* UIViewController+.swift */,
				6EFAF04D1FF154BA009E93F2 /* UIView+.swift */,
				6EEC2E401FFE1071003E89EC /* UITextField+.swift */,
				6E555D5F1FF73C9900141FEC /* Double+.swift */,
				6E9071D02010E42A0053CEFE /* UIImage+.swift */,
				6EA6B996201365D500877217 /* String+.swift */,
				6EEFC363201EEA2400FD96DD /* UserDefaults+.swift */,
				6E3B6EFE2020042500A2851D /* Date+.swift */,
			);
			path = Extensions;
			sourceTree = "<group>";
		};
		6E39510E200572A900C165C4 /* Views */ = {
			isa = PBXGroup;
			children = (
				1EE92FFE2022C3310011FFC0 /* FSCalendarCell */,
				1E2F71512022C05D0041432D /* MarkerView */,
				6E395114200581D100C165C4 /* UITableViewCell */,
			);
			path = Views;
			sourceTree = "<group>";
		};
		6E39510F2005773300C165C4 /* Others */ = {
			isa = PBXGroup;
			children = (
				6E66E2B11FEF3DEB0021B649 /* Pulse.swift */,
				6E3951042003DDE700C165C4 /* Touch3D.swift */,
				6EB1F6ED2019E11F0018A573 /* ImageUtils.swift */,
			);
			path = Others;
			sourceTree = "<group>";
		};
		6E39511020057CFC00C165C4 /* DataManagers */ = {
			isa = PBXGroup;
			children = (
				6E39511120057D9700C165C4 /* Remote */,
				6E3951082004E82C00C165C4 /* Local */,
			);
			path = DataManagers;
			sourceTree = "<group>";
		};
		6E39511120057D9700C165C4 /* Remote */ = {
			isa = PBXGroup;
			children = (
				6E39511220057E0500C165C4 /* DatabaseAPI */,
				6ECE2D481FEE02EA001B33F8 /* CustomVisionAPI */,
				6EB1F6E82019E08F0018A573 /* GoogleVisionAPI */,
			);
			path = Remote;
			sourceTree = "<group>";
		};
		6E39511220057E0500C165C4 /* DatabaseAPI */ = {
			isa = PBXGroup;
			children = (
				6E555D591FF6A12100141FEC /* FoodService.swift */,
				6E6F555D2000824E00B8F517 /* PersonService.swift */,
				6E6F555F2000826400B8F517 /* IllnessService.swift */,
			);
			path = DatabaseAPI;
			sourceTree = "<group>";
		};
		6E39511320057E4300C165C4 /* Utilities */ = {
			isa = PBXGroup;
			children = (
				6E9071C32010ACCB0053CEFE /* Artificial Intelligence */,
				6E3951092004EB5A00C165C4 /* Constants */,
				6E2262D72014550900BF252D /* Audio */,
				6E39510D20050E1D00C165C4 /* Extensions */,
				6E39510F2005773300C165C4 /* Others */,
			);
			path = Utilities;
			sourceTree = "<group>";
		};
		6E395114200581D100C165C4 /* UITableViewCell */ = {
			isa = PBXGroup;
			children = (
				6E6F556520008A4600B8F517 /* IllnessCheckbox.swift */,
				6E3951022003AED600C165C4 /* IllnessTag.swift */,
				6E7C92442016005D00566DE6 /* MessageCell.swift */,
			);
			path = UITableViewCell;
			sourceTree = "<group>";
		};
		6E39511520058A8700C165C4 /* Snapshot */ = {
			isa = PBXGroup;
			children = (
				6EEDEB371FEB303E008A4658 /* CameraViewController.swift */,
				6EEDEB391FEB40D6008A4658 /* ImageViewController.swift */,
			);
			path = Snapshot;
			sourceTree = "<group>";
		};
		6E39511620058A9F00C165C4 /* Home */ = {
			isa = PBXGroup;
			children = (
				6ECE2D451FEE0217001B33F8 /* HomeViewController.swift */,
			);
			path = Home;
			sourceTree = "<group>";
		};
		6E39511720058AD000C165C4 /* FoodImage */ = {
			isa = PBXGroup;
			children = (
				6E16DFF11FF213DA00301322 /* ImageActivityIndicatorController.swift */,
				6EB1F6EF201A14F20018A573 /* ImageResultViewController.swift */,
				6E16DFF31FF2390600301322 /* FoodDetailsController.swift */,
				6E4199501FF3901700463542 /* VitaminViewController.swift */,
				6E4199521FF3902A00463542 /* NutrientViewController.swift */,
				6E4199541FF3903500463542 /* MineralViewController.swift */,
			);
			path = FoodImage;
			sourceTree = "<group>";
		};
		6E39511820058B5200C165C4 /* Landing */ = {
			isa = PBXGroup;
			children = (
				6E64321D1FF90B9C008A04FE /* LandingViewController.swift */,
			);
			path = Landing;
			sourceTree = "<group>";
		};
		6E7274C52014FCE2000C71A2 /* SpeechFramework */ = {
			isa = PBXGroup;
			children = (
				6E7274C62014FCF3000C71A2 /* Service */,
			);
			path = SpeechFramework;
			sourceTree = "<group>";
		};
		6E7274C62014FCF3000C71A2 /* Service */ = {
			isa = PBXGroup;
			children = (
				6E7274C72014FD01000C71A2 /* SpeechRecognitionService.swift */,
			);
			path = Service;
			sourceTree = "<group>";
		};
		6E75696C2000506D00471D7E /* Singleton */ = {
			isa = PBXGroup;
			children = (
				6E4ADFE91FF30DDF005F6482 /* Snapshot.swift */,
				6E75696D2000508A00471D7E /* Registration.swift */,
				6E39510620044C8000C165C4 /* InspectionMode.swift */,
				6EB1F6DA2019CB6A0018A573 /* ExractedTextArray.swift */,
			);
			path = Singleton;
			sourceTree = "<group>";
		};
		6E7C923D201589D500566DE6 /* DiaglogFlowNLP */ = {
			isa = PBXGroup;
			children = (
				6E7C923E201589E100566DE6 /* Service */,
			);
			path = DiaglogFlowNLP;
			sourceTree = "<group>";
		};
		6E7C923E201589E100566DE6 /* Service */ = {
			isa = PBXGroup;
			children = (
				6E7C923F201589FB00566DE6 /* NLPService.swift */,
			);
			path = Service;
			sourceTree = "<group>";
		};
		6E9071C32010ACCB0053CEFE /* Artificial Intelligence */ = {
			isa = PBXGroup;
			children = (
				6E7C923D201589D500566DE6 /* DiaglogFlowNLP */,
				6E7274C52014FCE2000C71A2 /* SpeechFramework */,
				6E9071CC2010CC0E0053CEFE /* CoreML */,
			);
			path = "Artificial Intelligence";
			sourceTree = "<group>";
		};
		6E9071CC2010CC0E0053CEFE /* CoreML */ = {
			isa = PBXGroup;
			children = (
				6EBD82CD200F84FA006E9DAF /* FoodIn.mlmodel */,
				6E9071CF2010CC340053CEFE /* Model */,
				6E9071CD2010CC270053CEFE /* Service */,
			);
			path = CoreML;
			sourceTree = "<group>";
		};
		6E9071CD2010CC270053CEFE /* Service */ = {
			isa = PBXGroup;
			children = (
				6E9071C82010AF7E0053CEFE /* ImageClassificationService.swift */,
			);
			path = Service;
			sourceTree = "<group>";
		};
		6E9071CF2010CC340053CEFE /* Model */ = {
			isa = PBXGroup;
			children = (
				6E9071CA2010CC040053CEFE /* PredictionResult.swift */,
			);
			path = Model;
			sourceTree = "<group>";
		};
		6EA676CB1FFFC126009354C4 /* CoreData */ = {
			isa = PBXGroup;
			children = (
				6EA67718200045C2009354C4 /* Models */,
				6EA676CC1FFFC130009354C4 /* Services */,
				6EA6773D2000485B009354C4 /* PersonCoreData.xcdatamodeld */,
			);
			path = CoreData;
			sourceTree = "<group>";
		};
		6EA676CC1FFFC130009354C4 /* Services */ = {
			isa = PBXGroup;
			children = (
				6EA676D91FFFCC6E009354C4 /* PersistenceService.swift */,
				6E2C3C6020020EB6009B0D13 /* MyInfoService.swift */,
				6E2C3C6220020EC5009B0D13 /* MyIllnessService.swift */,
				6E2C3C6420020ED5009B0D13 /* MyIndicatorService.swift */,
			);
			path = Services;
			sourceTree = "<group>";
		};
		6EA67718200045C2009354C4 /* Models */ = {
			isa = PBXGroup;
			children = (
				6E2C3C6620021191009B0D13 /* MyIllness+CoreDataClass.swift */,
				6E2C3C6720021191009B0D13 /* MyIllness+CoreDataProperties.swift */,
				6E2C3C6820021191009B0D13 /* MyInfo+CoreDataClass.swift */,
				6E2C3C6920021191009B0D13 /* MyInfo+CoreDataProperties.swift */,
				6E2C3C6A20021191009B0D13 /* MyIndicator+CoreDataClass.swift */,
				6E2C3C6B20021191009B0D13 /* MyIndicator+CoreDataProperties.swift */,
			);
			path = Models;
			sourceTree = "<group>";
		};
		6EB1F6DF2019CFD90018A573 /* FoodMenu */ = {
			isa = PBXGroup;
			children = (
				6EB1F6E02019D0C70018A573 /* MenuActivityIndicatorController.swift */,
				6EB1F6E22019D56F0018A573 /* menuDetailsViewController.swift */,
				6EB1F6E42019D74C0018A573 /* safeListViewController.swift */,
				6EB1F6E62019D7570018A573 /* avoidListViewController.swift */,
			);
			path = FoodMenu;
			sourceTree = "<group>";
		};
		6EB1F6E82019E08F0018A573 /* GoogleVisionAPI */ = {
			isa = PBXGroup;
			children = (
				6EB1F6E92019E0A60018A573 /* VisionService.swift */,
			);
			path = GoogleVisionAPI;
			sourceTree = "<group>";
		};
		6EB52BB81FFDF1C400FC1AF4 /* Register */ = {
			isa = PBXGroup;
			children = (
				6EB52BB91FFDF22400FC1AF4 /* RegViewControllerS1.swift */,
				6EB52BBB1FFDF23300FC1AF4 /* RegViewControllerS2.swift */,
				6EB52BBD1FFDF24800FC1AF4 /* RegViewControllerS3.swift */,
				6EB52BBF1FFDF28400FC1AF4 /* RegViewControllerS4.swift */,
				6EB52BC11FFDF29300FC1AF4 /* RegViewControllerS5.swift */,
				6EB52BC31FFDF2A100FC1AF4 /* RegViewControllerS6.swift */,
			);
			path = Register;
			sourceTree = "<group>";
		};
		6ECE2D3F1FEE00A6001B33F8 /* Controllers */ = {
			isa = PBXGroup;
			children = (
				1EE930012022C34A0011FFC0 /* Statistics */,
				6E39511820058B5200C165C4 /* Landing */,
				6EEC2E421FFE3BCD003E89EC /* SignIn */,
				6EB52BB81FFDF1C400FC1AF4 /* Register */,
				6E39511620058A9F00C165C4 /* Home */,
				6E2C3C552001EBDE009B0D13 /* Profile */,
				6E2262D420140BBF00BF252D /* Speech */,
				6E39511520058A8700C165C4 /* Snapshot */,
				6E39511720058AD000C165C4 /* FoodImage */,
				6EB1F6DF2019CFD90018A573 /* FoodMenu */,
			);
			path = Controllers;
			sourceTree = "<group>";
		};
		6ECE2D471FEE02CC001B33F8 /* Models */ = {
			isa = PBXGroup;
			children = (
				6E75696C2000506D00471D7E /* Singleton */,
				6E20C7A61FE6BED0000C704A /* Message.swift */,
				6E20C7A81FE6D3CD000C704A /* Person.swift */,
				6EEDEB3B1FEB8DDA008A4658 /* CustomVisionResult.swift */,
				1EE930042022C3E60011FFC0 /* FoodLog.swift */,
				6E555D5B1FF6B32D00141FEC /* Food.swift */,
				6E6F5561200082E500B8F517 /* Illness.swift */,
				6E2C3C72200243AB009B0D13 /* Indicator.swift */,
			);
			path = Models;
			sourceTree = "<group>";
		};
		6ECE2D481FEE02EA001B33F8 /* CustomVisionAPI */ = {
			isa = PBXGroup;
			children = (
				6EEDEB351FEA6D95008A4658 /* CustomVisionService.swift */,
			);
			path = CustomVisionAPI;
			sourceTree = "<group>";
		};
		6EEC2E421FFE3BCD003E89EC /* SignIn */ = {
			isa = PBXGroup;
			children = (
				6EEC2E431FFE3BEC003E89EC /* SignInViewController.swift */,
			);
			path = SignIn;
			sourceTree = "<group>";
		};
		86318C5388DAB9D11C228818 /* Frameworks */ = {
			isa = PBXGroup;
			children = (
				D1C3AC9C444AB976CD0985A7 /* Pods_FoodIn.framework */,
				085315057047735A09DAE59C /* Pods_FoodInTests.framework */,
				8DE6276EEC363FA3C9C6980F /* Pods_FoodInUITests.framework */,
			);
			name = Frameworks;
			sourceTree = "<group>";
		};
		A1F3DB1DF2DD55CE453FFFCF /* Pods */ = {
			isa = PBXGroup;
			children = (
				F18FE0E0AC53A19696367CF5 /* Pods-FoodIn.debug.xcconfig */,
				97CBE3A7B80EE0019484C551 /* Pods-FoodIn.release.xcconfig */,
				BC3EF008D587781C47288467 /* Pods-FoodInTests.debug.xcconfig */,
				9B637B7FD9ED3DD270924BF4 /* Pods-FoodInTests.release.xcconfig */,
				6C5D2AA64CF473EA53B9A117 /* Pods-FoodInUITests.debug.xcconfig */,
				A9C1F73E582EF64A9D978395 /* Pods-FoodInUITests.release.xcconfig */,
			);
			name = Pods;
			sourceTree = "<group>";
		};
/* End PBXGroup section */

/* Begin PBXNativeTarget section */
		6E2E40951FE6B47400405C8B /* FoodIn */ = {
			isa = PBXNativeTarget;
			buildConfigurationList = 6E2E40BE1FE6B47500405C8B /* Build configuration list for PBXNativeTarget "FoodIn" */;
			buildPhases = (
				A7E1D6C7A44E2F445634CEB9 /* [CP] Check Pods Manifest.lock */,
				6E2E40921FE6B47400405C8B /* Sources */,
				6E2E40931FE6B47400405C8B /* Frameworks */,
				6E2E40941FE6B47400405C8B /* Resources */,
				0DCD7DF502B56F22E8E8BBFF /* [CP] Embed Pods Frameworks */,
				272465F47F8F12C6E7384D61 /* [CP] Copy Pods Resources */,
			);
			buildRules = (
			);
			dependencies = (
			);
			name = FoodIn;
			productName = FoodIn;
			productReference = 6E2E40961FE6B47500405C8B /* FoodIn.app */;
			productType = "com.apple.product-type.application";
		};
		6E2E40A91FE6B47500405C8B /* FoodInTests */ = {
			isa = PBXNativeTarget;
			buildConfigurationList = 6E2E40C11FE6B47500405C8B /* Build configuration list for PBXNativeTarget "FoodInTests" */;
			buildPhases = (
				F852BC1750EFBF180C36C546 /* [CP] Check Pods Manifest.lock */,
				6E2E40A61FE6B47500405C8B /* Sources */,
				6E2E40A71FE6B47500405C8B /* Frameworks */,
				6E2E40A81FE6B47500405C8B /* Resources */,
				952E93E9CE0A0890EB7CBD2F /* [CP] Embed Pods Frameworks */,
				1538BAF5D21FA13163464212 /* [CP] Copy Pods Resources */,
			);
			buildRules = (
			);
			dependencies = (
				6E2E40AC1FE6B47500405C8B /* PBXTargetDependency */,
			);
			name = FoodInTests;
			productName = FoodInTests;
			productReference = 6E2E40AA1FE6B47500405C8B /* FoodInTests.xctest */;
			productType = "com.apple.product-type.bundle.unit-test";
		};
		6E2E40B41FE6B47500405C8B /* FoodInUITests */ = {
			isa = PBXNativeTarget;
			buildConfigurationList = 6E2E40C41FE6B47500405C8B /* Build configuration list for PBXNativeTarget "FoodInUITests" */;
			buildPhases = (
				0298ACE9C38083497E4CCD1C /* [CP] Check Pods Manifest.lock */,
				6E2E40B11FE6B47500405C8B /* Sources */,
				6E2E40B21FE6B47500405C8B /* Frameworks */,
				6E2E40B31FE6B47500405C8B /* Resources */,
				9139FB779277F5FFA0B08E65 /* [CP] Embed Pods Frameworks */,
				465177BD2FDE91C436FAADDC /* [CP] Copy Pods Resources */,
			);
			buildRules = (
			);
			dependencies = (
				6E2E40B71FE6B47500405C8B /* PBXTargetDependency */,
			);
			name = FoodInUITests;
			productName = FoodInUITests;
			productReference = 6E2E40B51FE6B47500405C8B /* FoodInUITests.xctest */;
			productType = "com.apple.product-type.bundle.ui-testing";
		};
/* End PBXNativeTarget section */

/* Begin PBXProject section */
		6E2E408E1FE6B47400405C8B /* Project object */ = {
			isa = PBXProject;
			attributes = {
				LastSwiftUpdateCheck = 0920;
				LastUpgradeCheck = 0920;
				ORGANIZATIONNAME = "Yuanxin Li";
				TargetAttributes = {
					6E2E40951FE6B47400405C8B = {
						CreatedOnToolsVersion = 9.2;
						ProvisioningStyle = Automatic;
					};
					6E2E40A91FE6B47500405C8B = {
						CreatedOnToolsVersion = 9.2;
						ProvisioningStyle = Automatic;
						TestTargetID = 6E2E40951FE6B47400405C8B;
					};
					6E2E40B41FE6B47500405C8B = {
						CreatedOnToolsVersion = 9.2;
						ProvisioningStyle = Automatic;
						TestTargetID = 6E2E40951FE6B47400405C8B;
					};
				};
			};
			buildConfigurationList = 6E2E40911FE6B47400405C8B /* Build configuration list for PBXProject "FoodIn" */;
			compatibilityVersion = "Xcode 8.0";
			developmentRegion = en;
			hasScannedForEncodings = 0;
			knownRegions = (
				en,
				Base,
			);
			mainGroup = 6E2E408D1FE6B47400405C8B;
			productRefGroup = 6E2E40971FE6B47500405C8B /* Products */;
			projectDirPath = "";
			projectRoot = "";
			targets = (
				6E2E40951FE6B47400405C8B /* FoodIn */,
				6E2E40A91FE6B47500405C8B /* FoodInTests */,
				6E2E40B41FE6B47500405C8B /* FoodInUITests */,
			);
		};
/* End PBXProject section */

/* Begin PBXResourcesBuildPhase section */
		6E2E40941FE6B47400405C8B /* Resources */ = {
			isa = PBXResourcesBuildPhase;
			buildActionMask = 2147483647;
			files = (
				6E2E40A41FE6B47500405C8B /* LaunchScreen.storyboard in Resources */,
				1E2F71552022C0BC0041432D /* NutritionMarkerView.xib in Resources */,
				6E2262D92014552800BF252D /* hold.mp3 in Resources */,
				6E2E40A11FE6B47500405C8B /* Assets.xcassets in Resources */,
				6E2262DB2014553200BF252D /* release.mp3 in Resources */,
				6E2E409F1FE6B47500405C8B /* Main.storyboard in Resources */,
			);
			runOnlyForDeploymentPostprocessing = 0;
		};
		6E2E40A81FE6B47500405C8B /* Resources */ = {
			isa = PBXResourcesBuildPhase;
			buildActionMask = 2147483647;
			files = (
			);
			runOnlyForDeploymentPostprocessing = 0;
		};
		6E2E40B31FE6B47500405C8B /* Resources */ = {
			isa = PBXResourcesBuildPhase;
			buildActionMask = 2147483647;
			files = (
			);
			runOnlyForDeploymentPostprocessing = 0;
		};
/* End PBXResourcesBuildPhase section */

/* Begin PBXShellScriptBuildPhase section */
		0298ACE9C38083497E4CCD1C /* [CP] Check Pods Manifest.lock */ = {
			isa = PBXShellScriptBuildPhase;
			buildActionMask = 2147483647;
			files = (
			);
			inputPaths = (
				"${PODS_PODFILE_DIR_PATH}/Podfile.lock",
				"${PODS_ROOT}/Manifest.lock",
			);
			name = "[CP] Check Pods Manifest.lock";
			outputPaths = (
				"$(DERIVED_FILE_DIR)/Pods-FoodInUITests-checkManifestLockResult.txt",
			);
			runOnlyForDeploymentPostprocessing = 0;
			shellPath = /bin/sh;
			shellScript = "diff \"${PODS_PODFILE_DIR_PATH}/Podfile.lock\" \"${PODS_ROOT}/Manifest.lock\" > /dev/null\nif [ $? != 0 ] ; then\n    # print error to STDERR\n    echo \"error: The sandbox is not in sync with the Podfile.lock. Run 'pod install' or update your CocoaPods installation.\" >&2\n    exit 1\nfi\n# This output is used by Xcode 'outputs' to avoid re-running this script phase.\necho \"SUCCESS\" > \"${SCRIPT_OUTPUT_FILE_0}\"\n";
			showEnvVarsInLog = 0;
		};
		0DCD7DF502B56F22E8E8BBFF /* [CP] Embed Pods Frameworks */ = {
			isa = PBXShellScriptBuildPhase;
			buildActionMask = 2147483647;
			files = (
			);
			inputPaths = (
				"${SRCROOT}/Pods/Target Support Files/Pods-FoodIn/Pods-FoodIn-frameworks.sh",
				"${BUILT_PRODUCTS_DIR}/AMPopTip/AMPopTip.framework",
				"${BUILT_PRODUCTS_DIR}/ApiAI/ApiAI.framework",
				"${BUILT_PRODUCTS_DIR}/Charts/Charts.framework",
				"${BUILT_PRODUCTS_DIR}/CheckboxButton/CheckboxButton.framework",
				"${BUILT_PRODUCTS_DIR}/CryptoSwift/CryptoSwift.framework",
				"${BUILT_PRODUCTS_DIR}/EFCountingLabel/EFCountingLabel.framework",
				"${BUILT_PRODUCTS_DIR}/FSCalendar/FSCalendar.framework",
				"${BUILT_PRODUCTS_DIR}/GTProgressBar/GTProgressBar.framework",
				"${BUILT_PRODUCTS_DIR}/IQKeyboardManagerSwift/IQKeyboardManagerSwift.framework",
				"${BUILT_PRODUCTS_DIR}/KeychainSwift/KeychainSwift.framework",
				"${BUILT_PRODUCTS_DIR}/NVActivityIndicatorView/NVActivityIndicatorView.framework",
				"${BUILT_PRODUCTS_DIR}/Navajo-Swift/Navajo_Swift.framework",
				"${BUILT_PRODUCTS_DIR}/OpenCV/opencv2.framework",
				"${BUILT_PRODUCTS_DIR}/SwiftCamScanner/SwiftCamScanner.framework",
				"${BUILT_PRODUCTS_DIR}/SwiftySound/SwiftySound.framework",
				"${BUILT_PRODUCTS_DIR}/UICircularProgressRing/UICircularProgressRing.framework",
				"${BUILT_PRODUCTS_DIR}/XLPagerTabStrip/XLPagerTabStrip.framework",
			);
			name = "[CP] Embed Pods Frameworks";
			outputPaths = (
				"${TARGET_BUILD_DIR}/${FRAMEWORKS_FOLDER_PATH}/AMPopTip.framework",
				"${TARGET_BUILD_DIR}/${FRAMEWORKS_FOLDER_PATH}/ApiAI.framework",
				"${TARGET_BUILD_DIR}/${FRAMEWORKS_FOLDER_PATH}/Charts.framework",
				"${TARGET_BUILD_DIR}/${FRAMEWORKS_FOLDER_PATH}/CheckboxButton.framework",
				"${TARGET_BUILD_DIR}/${FRAMEWORKS_FOLDER_PATH}/CryptoSwift.framework",
				"${TARGET_BUILD_DIR}/${FRAMEWORKS_FOLDER_PATH}/EFCountingLabel.framework",
				"${TARGET_BUILD_DIR}/${FRAMEWORKS_FOLDER_PATH}/FSCalendar.framework",
				"${TARGET_BUILD_DIR}/${FRAMEWORKS_FOLDER_PATH}/GTProgressBar.framework",
				"${TARGET_BUILD_DIR}/${FRAMEWORKS_FOLDER_PATH}/IQKeyboardManagerSwift.framework",
				"${TARGET_BUILD_DIR}/${FRAMEWORKS_FOLDER_PATH}/KeychainSwift.framework",
				"${TARGET_BUILD_DIR}/${FRAMEWORKS_FOLDER_PATH}/NVActivityIndicatorView.framework",
				"${TARGET_BUILD_DIR}/${FRAMEWORKS_FOLDER_PATH}/Navajo_Swift.framework",
				"${TARGET_BUILD_DIR}/${FRAMEWORKS_FOLDER_PATH}/opencv2.framework",
				"${TARGET_BUILD_DIR}/${FRAMEWORKS_FOLDER_PATH}/SwiftCamScanner.framework",
				"${TARGET_BUILD_DIR}/${FRAMEWORKS_FOLDER_PATH}/SwiftySound.framework",
				"${TARGET_BUILD_DIR}/${FRAMEWORKS_FOLDER_PATH}/UICircularProgressRing.framework",
				"${TARGET_BUILD_DIR}/${FRAMEWORKS_FOLDER_PATH}/XLPagerTabStrip.framework",
			);
			runOnlyForDeploymentPostprocessing = 0;
			shellPath = /bin/sh;
			shellScript = "\"${SRCROOT}/Pods/Target Support Files/Pods-FoodIn/Pods-FoodIn-frameworks.sh\"\n";
			showEnvVarsInLog = 0;
		};
		1538BAF5D21FA13163464212 /* [CP] Copy Pods Resources */ = {
			isa = PBXShellScriptBuildPhase;
			buildActionMask = 2147483647;
			files = (
			);
			inputPaths = (
			);
			name = "[CP] Copy Pods Resources";
			outputPaths = (
			);
			runOnlyForDeploymentPostprocessing = 0;
			shellPath = /bin/sh;
			shellScript = "\"${SRCROOT}/Pods/Target Support Files/Pods-FoodInTests/Pods-FoodInTests-resources.sh\"\n";
			showEnvVarsInLog = 0;
		};
		272465F47F8F12C6E7384D61 /* [CP] Copy Pods Resources */ = {
			isa = PBXShellScriptBuildPhase;
			buildActionMask = 2147483647;
			files = (
			);
			inputPaths = (
			);
			name = "[CP] Copy Pods Resources";
			outputPaths = (
			);
			runOnlyForDeploymentPostprocessing = 0;
			shellPath = /bin/sh;
			shellScript = "\"${SRCROOT}/Pods/Target Support Files/Pods-FoodIn/Pods-FoodIn-resources.sh\"\n";
			showEnvVarsInLog = 0;
		};
		465177BD2FDE91C436FAADDC /* [CP] Copy Pods Resources */ = {
			isa = PBXShellScriptBuildPhase;
			buildActionMask = 2147483647;
			files = (
			);
			inputPaths = (
			);
			name = "[CP] Copy Pods Resources";
			outputPaths = (
			);
			runOnlyForDeploymentPostprocessing = 0;
			shellPath = /bin/sh;
			shellScript = "\"${SRCROOT}/Pods/Target Support Files/Pods-FoodInUITests/Pods-FoodInUITests-resources.sh\"\n";
			showEnvVarsInLog = 0;
		};
		9139FB779277F5FFA0B08E65 /* [CP] Embed Pods Frameworks */ = {
			isa = PBXShellScriptBuildPhase;
			buildActionMask = 2147483647;
			files = (
			);
			inputPaths = (
			);
			name = "[CP] Embed Pods Frameworks";
			outputPaths = (
			);
			runOnlyForDeploymentPostprocessing = 0;
			shellPath = /bin/sh;
			shellScript = "\"${SRCROOT}/Pods/Target Support Files/Pods-FoodInUITests/Pods-FoodInUITests-frameworks.sh\"\n";
			showEnvVarsInLog = 0;
		};
		952E93E9CE0A0890EB7CBD2F /* [CP] Embed Pods Frameworks */ = {
			isa = PBXShellScriptBuildPhase;
			buildActionMask = 2147483647;
			files = (
			);
			inputPaths = (
			);
			name = "[CP] Embed Pods Frameworks";
			outputPaths = (
			);
			runOnlyForDeploymentPostprocessing = 0;
			shellPath = /bin/sh;
			shellScript = "\"${SRCROOT}/Pods/Target Support Files/Pods-FoodInTests/Pods-FoodInTests-frameworks.sh\"\n";
			showEnvVarsInLog = 0;
		};
		A7E1D6C7A44E2F445634CEB9 /* [CP] Check Pods Manifest.lock */ = {
			isa = PBXShellScriptBuildPhase;
			buildActionMask = 2147483647;
			files = (
			);
			inputPaths = (
				"${PODS_PODFILE_DIR_PATH}/Podfile.lock",
				"${PODS_ROOT}/Manifest.lock",
			);
			name = "[CP] Check Pods Manifest.lock";
			outputPaths = (
				"$(DERIVED_FILE_DIR)/Pods-FoodIn-checkManifestLockResult.txt",
			);
			runOnlyForDeploymentPostprocessing = 0;
			shellPath = /bin/sh;
			shellScript = "diff \"${PODS_PODFILE_DIR_PATH}/Podfile.lock\" \"${PODS_ROOT}/Manifest.lock\" > /dev/null\nif [ $? != 0 ] ; then\n    # print error to STDERR\n    echo \"error: The sandbox is not in sync with the Podfile.lock. Run 'pod install' or update your CocoaPods installation.\" >&2\n    exit 1\nfi\n# This output is used by Xcode 'outputs' to avoid re-running this script phase.\necho \"SUCCESS\" > \"${SCRIPT_OUTPUT_FILE_0}\"\n";
			showEnvVarsInLog = 0;
		};
		F852BC1750EFBF180C36C546 /* [CP] Check Pods Manifest.lock */ = {
			isa = PBXShellScriptBuildPhase;
			buildActionMask = 2147483647;
			files = (
			);
			inputPaths = (
				"${PODS_PODFILE_DIR_PATH}/Podfile.lock",
				"${PODS_ROOT}/Manifest.lock",
			);
			name = "[CP] Check Pods Manifest.lock";
			outputPaths = (
				"$(DERIVED_FILE_DIR)/Pods-FoodInTests-checkManifestLockResult.txt",
			);
			runOnlyForDeploymentPostprocessing = 0;
			shellPath = /bin/sh;
			shellScript = "diff \"${PODS_PODFILE_DIR_PATH}/Podfile.lock\" \"${PODS_ROOT}/Manifest.lock\" > /dev/null\nif [ $? != 0 ] ; then\n    # print error to STDERR\n    echo \"error: The sandbox is not in sync with the Podfile.lock. Run 'pod install' or update your CocoaPods installation.\" >&2\n    exit 1\nfi\n# This output is used by Xcode 'outputs' to avoid re-running this script phase.\necho \"SUCCESS\" > \"${SCRIPT_OUTPUT_FILE_0}\"\n";
			showEnvVarsInLog = 0;
		};
/* End PBXShellScriptBuildPhase section */

/* Begin PBXSourcesBuildPhase section */
		6E2E40921FE6B47400405C8B /* Sources */ = {
			isa = PBXSourcesBuildPhase;
			buildActionMask = 2147483647;
			files = (
				6E20C7A91FE6D3CD000C704A /* Person.swift in Sources */,
				6EBD82CE200F84FA006E9DAF /* FoodIn.mlmodel in Sources */,
				6EEFC364201EEA2400FD96DD /* UserDefaults+.swift in Sources */,
				6ECE2D421FEE0152001B33F8 /* Colors.swift in Sources */,
				6E32356E2007A9570091F0E4 /* NotificationKey.swift in Sources */,
				6EB1F6DB2019CB6A0018A573 /* ExractedTextArray.swift in Sources */,
				6EB52BBE1FFDF24800FC1AF4 /* RegViewControllerS3.swift in Sources */,
				6E4199531FF3902A00463542 /* NutrientViewController.swift in Sources */,
				6EB1F6E12019D0C70018A573 /* MenuActivityIndicatorController.swift in Sources */,
				6E66E2B21FEF3DEB0021B649 /* Pulse.swift in Sources */,
				6EB52BBA1FFDF22500FC1AF4 /* RegViewControllerS1.swift in Sources */,
				6E20C7A71FE6BED0000C704A /* Message.swift in Sources */,
				6EB1F6F0201A14F20018A573 /* ImageResultViewController.swift in Sources */,
				6E2C3C6C20021191009B0D13 /* MyIllness+CoreDataClass.swift in Sources */,
				6E39510720044C8000C165C4 /* InspectionMode.swift in Sources */,
				6EB52BC41FFDF2A100FC1AF4 /* RegViewControllerS6.swift in Sources */,
				6EB1F6EA2019E0A60018A573 /* VisionService.swift in Sources */,
				6EB52BBC1FFDF23300FC1AF4 /* RegViewControllerS2.swift in Sources */,
				6E39511A2005A29100C165C4 /* APIurl.swift in Sources */,
				6EEDEB3A1FEB40D6008A4658 /* ImageViewController.swift in Sources */,
				6E16DFF41FF2390600301322 /* FoodDetailsController.swift in Sources */,
				6E64321E1FF90B9C008A04FE /* LandingViewController.swift in Sources */,
				6EA6773F2000485B009354C4 /* PersonCoreData.xcdatamodeld in Sources */,
				6E6F55602000826400B8F517 /* IllnessService.swift in Sources */,
				6E3951052003DDE700C165C4 /* Touch3D.swift in Sources */,
				6E2C3C73200243AB009B0D13 /* Indicator.swift in Sources */,
				6EB1F6E52019D74C0018A573 /* safeListViewController.swift in Sources */,
				6EB1F6E72019D7570018A573 /* avoidListViewController.swift in Sources */,
				6EA676DA1FFFCC6E009354C4 /* PersistenceService.swift in Sources */,
				1E2F71532022C0980041432D /* NutritionMarkerView.swift in Sources */,
				6EB1F6E32019D56F0018A573 /* menuDetailsViewController.swift in Sources */,
				6E4199511FF3901700463542 /* VitaminViewController.swift in Sources */,
				6E6F555E2000824E00B8F517 /* PersonService.swift in Sources */,
				6E4ADFEA1FF30DDF005F6482 /* Snapshot.swift in Sources */,
				6EB52BC21FFDF29300FC1AF4 /* RegViewControllerS5.swift in Sources */,
				6E6F556620008A4600B8F517 /* IllnessCheckbox.swift in Sources */,
				6E555D5C1FF6B32D00141FEC /* Food.swift in Sources */,
				6E39510C2004EECB00C165C4 /* Fonts.swift in Sources */,
				6E2C3C6520020ED5009B0D13 /* MyIndicatorService.swift in Sources */,
				6EB1F6EC2019E0F60018A573 /* APIkey.swift in Sources */,
				6E2C3C6F20021191009B0D13 /* MyInfo+CoreDataProperties.swift in Sources */,
				6ECE2D461FEE0217001B33F8 /* HomeViewController.swift in Sources */,
				6E2C3C6D20021191009B0D13 /* MyIllness+CoreDataProperties.swift in Sources */,
				6EEC2E411FFE1071003E89EC /* UITextField+.swift in Sources */,
				6E555D601FF73C9900141FEC /* Double+.swift in Sources */,
				6E3951032003AED600C165C4 /* IllnessTag.swift in Sources */,
				6E7274C82014FD01000C71A2 /* SpeechRecognitionService.swift in Sources */,
				6E7C92472016F38400566DE6 /* RecommendationStandard.swift in Sources */,
				6E7C9240201589FB00566DE6 /* NLPService.swift in Sources */,
				6EFAF04E1FF154BA009E93F2 /* UIView+.swift in Sources */,
				6E555D5A1FF6A12100141FEC /* FoodService.swift in Sources */,
				1EE930032022C3540011FFC0 /* StatisticsViewController.swift in Sources */,
				6E9071CB2010CC040053CEFE /* PredictionResult.swift in Sources */,
				6EEDEB361FEA6D95008A4658 /* CustomVisionService.swift in Sources */,
				1EE930002022C3400011FFC0 /* FoodLogDate.swift in Sources */,
				6E2C3C6120020EB6009B0D13 /* MyInfoService.swift in Sources */,
				6EEDEB3C1FEB8DDA008A4658 /* CustomVisionResult.swift in Sources */,
				6E6F5562200082E500B8F517 /* Illness.swift in Sources */,
				6E4199551FF3903500463542 /* MineralViewController.swift in Sources */,
				6E11142E1FF94E9D00F657AB /* UIViewController+.swift in Sources */,
				1EE930052022C3E60011FFC0 /* FoodLog.swift in Sources */,
				6E3B6EFF2020042500A2851D /* Date+.swift in Sources */,
				6EA6B997201365D500877217 /* String+.swift in Sources */,
				6E2E409A1FE6B47500405C8B /* AppDelegate.swift in Sources */,
				6E9071C92010AF7E0053CEFE /* ImageClassificationService.swift in Sources */,
				6EEC2E441FFE3BEC003E89EC /* SignInViewController.swift in Sources */,
				6E2C3C7020021191009B0D13 /* MyIndicator+CoreDataClass.swift in Sources */,
				6EB52BC01FFDF28400FC1AF4 /* RegViewControllerS4.swift in Sources */,
				6E2C3C6320020EC5009B0D13 /* MyIllnessService.swift in Sources */,
				6E7C92452016005D00566DE6 /* MessageCell.swift in Sources */,
				6E2262D620140BE900BF252D /* SpeechViewController.swift in Sources */,
				6E75696E2000508A00471D7E /* Registration.swift in Sources */,
				6E2C3C572001EC13009B0D13 /* ProfileViewController.swift in Sources */,
				6E16DFF21FF213DA00301322 /* ImageActivityIndicatorController.swift in Sources */,
				6E2C3C7120021191009B0D13 /* MyIndicator+CoreDataProperties.swift in Sources */,
				6EB1F6EE2019E11F0018A573 /* ImageUtils.swift in Sources */,
				6E9071D12010E42A0053CEFE /* UIImage+.swift in Sources */,
				6E2C3C6E20021191009B0D13 /* MyInfo+CoreDataClass.swift in Sources */,
				6EEDEB381FEB303E008A4658 /* CameraViewController.swift in Sources */,
			);
			runOnlyForDeploymentPostprocessing = 0;
		};
		6E2E40A61FE6B47500405C8B /* Sources */ = {
			isa = PBXSourcesBuildPhase;
			buildActionMask = 2147483647;
			files = (
				6E2E40AF1FE6B47500405C8B /* FoodInTests.swift in Sources */,
			);
			runOnlyForDeploymentPostprocessing = 0;
		};
		6E2E40B11FE6B47500405C8B /* Sources */ = {
			isa = PBXSourcesBuildPhase;
			buildActionMask = 2147483647;
			files = (
				6E2E40BA1FE6B47500405C8B /* FoodInUITests.swift in Sources */,
			);
			runOnlyForDeploymentPostprocessing = 0;
		};
/* End PBXSourcesBuildPhase section */

/* Begin PBXTargetDependency section */
		6E2E40AC1FE6B47500405C8B /* PBXTargetDependency */ = {
			isa = PBXTargetDependency;
			target = 6E2E40951FE6B47400405C8B /* FoodIn */;
			targetProxy = 6E2E40AB1FE6B47500405C8B /* PBXContainerItemProxy */;
		};
		6E2E40B71FE6B47500405C8B /* PBXTargetDependency */ = {
			isa = PBXTargetDependency;
			target = 6E2E40951FE6B47400405C8B /* FoodIn */;
			targetProxy = 6E2E40B61FE6B47500405C8B /* PBXContainerItemProxy */;
		};
/* End PBXTargetDependency section */

/* Begin PBXVariantGroup section */
		6E2E409D1FE6B47500405C8B /* Main.storyboard */ = {
			isa = PBXVariantGroup;
			children = (
				6E2E409E1FE6B47500405C8B /* Base */,
			);
			name = Main.storyboard;
			sourceTree = "<group>";
		};
		6E2E40A21FE6B47500405C8B /* LaunchScreen.storyboard */ = {
			isa = PBXVariantGroup;
			children = (
				6E2E40A31FE6B47500405C8B /* Base */,
			);
			name = LaunchScreen.storyboard;
			sourceTree = "<group>";
		};
/* End PBXVariantGroup section */

/* Begin XCBuildConfiguration section */
		6E2E40BC1FE6B47500405C8B /* Debug */ = {
			isa = XCBuildConfiguration;
			buildSettings = {
				ALWAYS_SEARCH_USER_PATHS = NO;
				CLANG_ANALYZER_NONNULL = YES;
				CLANG_ANALYZER_NUMBER_OBJECT_CONVERSION = YES_AGGRESSIVE;
				CLANG_CXX_LANGUAGE_STANDARD = "gnu++14";
				CLANG_CXX_LIBRARY = "libc++";
				CLANG_ENABLE_MODULES = YES;
				CLANG_ENABLE_OBJC_ARC = YES;
				CLANG_WARN_BLOCK_CAPTURE_AUTORELEASING = YES;
				CLANG_WARN_BOOL_CONVERSION = YES;
				CLANG_WARN_COMMA = YES;
				CLANG_WARN_CONSTANT_CONVERSION = YES;
				CLANG_WARN_DIRECT_OBJC_ISA_USAGE = YES_ERROR;
				CLANG_WARN_DOCUMENTATION_COMMENTS = YES;
				CLANG_WARN_EMPTY_BODY = YES;
				CLANG_WARN_ENUM_CONVERSION = YES;
				CLANG_WARN_INFINITE_RECURSION = YES;
				CLANG_WARN_INT_CONVERSION = YES;
				CLANG_WARN_NON_LITERAL_NULL_CONVERSION = YES;
				CLANG_WARN_OBJC_LITERAL_CONVERSION = YES;
				CLANG_WARN_OBJC_ROOT_CLASS = YES_ERROR;
				CLANG_WARN_RANGE_LOOP_ANALYSIS = YES;
				CLANG_WARN_STRICT_PROTOTYPES = YES;
				CLANG_WARN_SUSPICIOUS_MOVE = YES;
				CLANG_WARN_UNGUARDED_AVAILABILITY = YES_AGGRESSIVE;
				CLANG_WARN_UNREACHABLE_CODE = YES;
				CLANG_WARN__DUPLICATE_METHOD_MATCH = YES;
				CODE_SIGN_IDENTITY = "iPhone Developer";
				COPY_PHASE_STRIP = NO;
				DEBUG_INFORMATION_FORMAT = dwarf;
				ENABLE_STRICT_OBJC_MSGSEND = YES;
				ENABLE_TESTABILITY = YES;
				GCC_C_LANGUAGE_STANDARD = gnu11;
				GCC_DYNAMIC_NO_PIC = NO;
				GCC_NO_COMMON_BLOCKS = YES;
				GCC_OPTIMIZATION_LEVEL = 0;
				GCC_PREPROCESSOR_DEFINITIONS = (
					"DEBUG=1",
					"$(inherited)",
				);
				GCC_WARN_64_TO_32_BIT_CONVERSION = YES;
				GCC_WARN_ABOUT_RETURN_TYPE = YES_ERROR;
				GCC_WARN_UNDECLARED_SELECTOR = YES;
				GCC_WARN_UNINITIALIZED_AUTOS = YES_AGGRESSIVE;
				GCC_WARN_UNUSED_FUNCTION = YES;
				GCC_WARN_UNUSED_VARIABLE = YES;
				IPHONEOS_DEPLOYMENT_TARGET = 11.2;
				MTL_ENABLE_DEBUG_INFO = YES;
				ONLY_ACTIVE_ARCH = YES;
				SDKROOT = iphoneos;
				SWIFT_ACTIVE_COMPILATION_CONDITIONS = DEBUG;
				SWIFT_OPTIMIZATION_LEVEL = "-Onone";
			};
			name = Debug;
		};
		6E2E40BD1FE6B47500405C8B /* Release */ = {
			isa = XCBuildConfiguration;
			buildSettings = {
				ALWAYS_SEARCH_USER_PATHS = NO;
				CLANG_ANALYZER_NONNULL = YES;
				CLANG_ANALYZER_NUMBER_OBJECT_CONVERSION = YES_AGGRESSIVE;
				CLANG_CXX_LANGUAGE_STANDARD = "gnu++14";
				CLANG_CXX_LIBRARY = "libc++";
				CLANG_ENABLE_MODULES = YES;
				CLANG_ENABLE_OBJC_ARC = YES;
				CLANG_WARN_BLOCK_CAPTURE_AUTORELEASING = YES;
				CLANG_WARN_BOOL_CONVERSION = YES;
				CLANG_WARN_COMMA = YES;
				CLANG_WARN_CONSTANT_CONVERSION = YES;
				CLANG_WARN_DIRECT_OBJC_ISA_USAGE = YES_ERROR;
				CLANG_WARN_DOCUMENTATION_COMMENTS = YES;
				CLANG_WARN_EMPTY_BODY = YES;
				CLANG_WARN_ENUM_CONVERSION = YES;
				CLANG_WARN_INFINITE_RECURSION = YES;
				CLANG_WARN_INT_CONVERSION = YES;
				CLANG_WARN_NON_LITERAL_NULL_CONVERSION = YES;
				CLANG_WARN_OBJC_LITERAL_CONVERSION = YES;
				CLANG_WARN_OBJC_ROOT_CLASS = YES_ERROR;
				CLANG_WARN_RANGE_LOOP_ANALYSIS = YES;
				CLANG_WARN_STRICT_PROTOTYPES = YES;
				CLANG_WARN_SUSPICIOUS_MOVE = YES;
				CLANG_WARN_UNGUARDED_AVAILABILITY = YES_AGGRESSIVE;
				CLANG_WARN_UNREACHABLE_CODE = YES;
				CLANG_WARN__DUPLICATE_METHOD_MATCH = YES;
				CODE_SIGN_IDENTITY = "iPhone Developer";
				COPY_PHASE_STRIP = NO;
				DEBUG_INFORMATION_FORMAT = "dwarf-with-dsym";
				ENABLE_NS_ASSERTIONS = NO;
				ENABLE_STRICT_OBJC_MSGSEND = YES;
				GCC_C_LANGUAGE_STANDARD = gnu11;
				GCC_NO_COMMON_BLOCKS = YES;
				GCC_WARN_64_TO_32_BIT_CONVERSION = YES;
				GCC_WARN_ABOUT_RETURN_TYPE = YES_ERROR;
				GCC_WARN_UNDECLARED_SELECTOR = YES;
				GCC_WARN_UNINITIALIZED_AUTOS = YES_AGGRESSIVE;
				GCC_WARN_UNUSED_FUNCTION = YES;
				GCC_WARN_UNUSED_VARIABLE = YES;
				IPHONEOS_DEPLOYMENT_TARGET = 11.2;
				MTL_ENABLE_DEBUG_INFO = NO;
				SDKROOT = iphoneos;
				SWIFT_OPTIMIZATION_LEVEL = "-Owholemodule";
				VALIDATE_PRODUCT = YES;
			};
			name = Release;
		};
		6E2E40BF1FE6B47500405C8B /* Debug */ = {
			isa = XCBuildConfiguration;
			baseConfigurationReference = F18FE0E0AC53A19696367CF5 /* Pods-FoodIn.debug.xcconfig */;
			buildSettings = {
				ASSETCATALOG_COMPILER_APPICON_NAME = AppIcon;
				"CODE_SIGN_IDENTITY[sdk=iphoneos*]" = "iPhone Developer";
				CODE_SIGN_STYLE = Automatic;
				DEVELOPMENT_TEAM = L4GPPSD6LF;
				ENABLE_BITCODE = YES;
				INFOPLIST_FILE = FoodIn/Info.plist;
				IPHONEOS_DEPLOYMENT_TARGET = 11.2;
				LD_RUNPATH_SEARCH_PATHS = "$(inherited) @executable_path/Frameworks";
				PRODUCT_BUNDLE_IDENTIFIER = com.yuanxin.FoodIn;
				PRODUCT_NAME = "$(TARGET_NAME)";
				PROVISIONING_PROFILE_SPECIFIER = "";
				SWIFT_VERSION = 4.0;
				TARGETED_DEVICE_FAMILY = "1,2";
			};
			name = Debug;
		};
		6E2E40C01FE6B47500405C8B /* Release */ = {
			isa = XCBuildConfiguration;
			baseConfigurationReference = 97CBE3A7B80EE0019484C551 /* Pods-FoodIn.release.xcconfig */;
			buildSettings = {
				ASSETCATALOG_COMPILER_APPICON_NAME = AppIcon;
				"CODE_SIGN_IDENTITY[sdk=iphoneos*]" = "iPhone Developer";
				CODE_SIGN_STYLE = Automatic;
				DEVELOPMENT_TEAM = L4GPPSD6LF;
				ENABLE_BITCODE = YES;
				INFOPLIST_FILE = FoodIn/Info.plist;
				IPHONEOS_DEPLOYMENT_TARGET = 11.2;
				LD_RUNPATH_SEARCH_PATHS = "$(inherited) @executable_path/Frameworks";
				PRODUCT_BUNDLE_IDENTIFIER = com.yuanxin.FoodIn;
				PRODUCT_NAME = "$(TARGET_NAME)";
				PROVISIONING_PROFILE_SPECIFIER = "";
				SWIFT_VERSION = 4.0;
				TARGETED_DEVICE_FAMILY = "1,2";
			};
			name = Release;
		};
		6E2E40C21FE6B47500405C8B /* Debug */ = {
			isa = XCBuildConfiguration;
			baseConfigurationReference = BC3EF008D587781C47288467 /* Pods-FoodInTests.debug.xcconfig */;
			buildSettings = {
				ALWAYS_EMBED_SWIFT_STANDARD_LIBRARIES = YES;
				BUNDLE_LOADER = "$(TEST_HOST)";
				CODE_SIGN_STYLE = Automatic;
				INFOPLIST_FILE = FoodInTests/Info.plist;
				LD_RUNPATH_SEARCH_PATHS = "$(inherited) @executable_path/Frameworks @loader_path/Frameworks";
				PRODUCT_BUNDLE_IDENTIFIER = com.yuanxin.FoodInTests;
				PRODUCT_NAME = "$(TARGET_NAME)";
				SWIFT_VERSION = 4.0;
				TARGETED_DEVICE_FAMILY = "1,2";
				TEST_HOST = "$(BUILT_PRODUCTS_DIR)/FoodIn.app/FoodIn";
			};
			name = Debug;
		};
		6E2E40C31FE6B47500405C8B /* Release */ = {
			isa = XCBuildConfiguration;
			baseConfigurationReference = 9B637B7FD9ED3DD270924BF4 /* Pods-FoodInTests.release.xcconfig */;
			buildSettings = {
				ALWAYS_EMBED_SWIFT_STANDARD_LIBRARIES = YES;
				BUNDLE_LOADER = "$(TEST_HOST)";
				CODE_SIGN_STYLE = Automatic;
				INFOPLIST_FILE = FoodInTests/Info.plist;
				LD_RUNPATH_SEARCH_PATHS = "$(inherited) @executable_path/Frameworks @loader_path/Frameworks";
				PRODUCT_BUNDLE_IDENTIFIER = com.yuanxin.FoodInTests;
				PRODUCT_NAME = "$(TARGET_NAME)";
				SWIFT_VERSION = 4.0;
				TARGETED_DEVICE_FAMILY = "1,2";
				TEST_HOST = "$(BUILT_PRODUCTS_DIR)/FoodIn.app/FoodIn";
			};
			name = Release;
		};
		6E2E40C51FE6B47500405C8B /* Debug */ = {
			isa = XCBuildConfiguration;
			baseConfigurationReference = 6C5D2AA64CF473EA53B9A117 /* Pods-FoodInUITests.debug.xcconfig */;
			buildSettings = {
				ALWAYS_EMBED_SWIFT_STANDARD_LIBRARIES = YES;
				CODE_SIGN_STYLE = Automatic;
				INFOPLIST_FILE = FoodInUITests/Info.plist;
				LD_RUNPATH_SEARCH_PATHS = "$(inherited) @executable_path/Frameworks @loader_path/Frameworks";
				PRODUCT_BUNDLE_IDENTIFIER = com.yuanxin.FoodInUITests;
				PRODUCT_NAME = "$(TARGET_NAME)";
				SWIFT_VERSION = 4.0;
				TARGETED_DEVICE_FAMILY = "1,2";
				TEST_TARGET_NAME = FoodIn;
			};
			name = Debug;
		};
		6E2E40C61FE6B47500405C8B /* Release */ = {
			isa = XCBuildConfiguration;
			baseConfigurationReference = A9C1F73E582EF64A9D978395 /* Pods-FoodInUITests.release.xcconfig */;
			buildSettings = {
				ALWAYS_EMBED_SWIFT_STANDARD_LIBRARIES = YES;
				CODE_SIGN_STYLE = Automatic;
				INFOPLIST_FILE = FoodInUITests/Info.plist;
				LD_RUNPATH_SEARCH_PATHS = "$(inherited) @executable_path/Frameworks @loader_path/Frameworks";
				PRODUCT_BUNDLE_IDENTIFIER = com.yuanxin.FoodInUITests;
				PRODUCT_NAME = "$(TARGET_NAME)";
				SWIFT_VERSION = 4.0;
				TARGETED_DEVICE_FAMILY = "1,2";
				TEST_TARGET_NAME = FoodIn;
			};
			name = Release;
		};
/* End XCBuildConfiguration section */

/* Begin XCConfigurationList section */
		6E2E40911FE6B47400405C8B /* Build configuration list for PBXProject "FoodIn" */ = {
			isa = XCConfigurationList;
			buildConfigurations = (
				6E2E40BC1FE6B47500405C8B /* Debug */,
				6E2E40BD1FE6B47500405C8B /* Release */,
			);
			defaultConfigurationIsVisible = 0;
			defaultConfigurationName = Release;
		};
		6E2E40BE1FE6B47500405C8B /* Build configuration list for PBXNativeTarget "FoodIn" */ = {
			isa = XCConfigurationList;
			buildConfigurations = (
				6E2E40BF1FE6B47500405C8B /* Debug */,
				6E2E40C01FE6B47500405C8B /* Release */,
			);
			defaultConfigurationIsVisible = 0;
			defaultConfigurationName = Release;
		};
		6E2E40C11FE6B47500405C8B /* Build configuration list for PBXNativeTarget "FoodInTests" */ = {
			isa = XCConfigurationList;
			buildConfigurations = (
				6E2E40C21FE6B47500405C8B /* Debug */,
				6E2E40C31FE6B47500405C8B /* Release */,
			);
			defaultConfigurationIsVisible = 0;
			defaultConfigurationName = Release;
		};
		6E2E40C41FE6B47500405C8B /* Build configuration list for PBXNativeTarget "FoodInUITests" */ = {
			isa = XCConfigurationList;
			buildConfigurations = (
				6E2E40C51FE6B47500405C8B /* Debug */,
				6E2E40C61FE6B47500405C8B /* Release */,
			);
			defaultConfigurationIsVisible = 0;
			defaultConfigurationName = Release;
		};
/* End XCConfigurationList section */

/* Begin XCVersionGroup section */
		6EA6773D2000485B009354C4 /* PersonCoreData.xcdatamodeld */ = {
			isa = XCVersionGroup;
			children = (
				6EA6773E2000485B009354C4 /* PersonCoreData.xcdatamodel */,
			);
			currentVersion = 6EA6773E2000485B009354C4 /* PersonCoreData.xcdatamodel */;
			path = PersonCoreData.xcdatamodeld;
			sourceTree = "<group>";
			versionGroupType = wrapper.xcdatamodel;
		};
/* End XCVersionGroup section */
	};
	rootObject = 6E2E408E1FE6B47400405C8B /* Project object */;
}
